
Microsoft Visual Studio Solution File, Format Version 12.00
# Visual Studio Version 17
VisualStudioVersion = 17.8.34112.27
MinimumVisualStudioVersion = 10.0.40219.1
Project("{9A19103F-16F7-4668-BE54-9A1E7A4F7556}") = "ConsoleApp1", "ConsoleApp1\ConsoleApp1.csproj", "{D6A6D415-C6BA-40E3-AB75-B7E0B01CB595}"
EndProject
Project("{9A19103F-16F7-4668-BE54-9A1E7A4F7556}") = "ConsoleApp2", "ConsoleApp2\ConsoleApp2.csproj", "{6F63FC9F-DCF8-42C7-964B-D422624B8CDC}"
EndProject
Project("{2150E333-8FDC-42A3-9474-1A3956D46DE8}") = "_misc", "_misc", "{80ABE3CD-BBA5-427A-817B-27ED757B6452}"
	ProjectSection(SolutionItems) = preProject
		README.md = README.md
	EndProjectSection
EndProject
Project("{9A19103F-16F7-4668-BE54-9A1E7A4F7556}") = "HelloWorld", "WinUI3\HelloWorld\HelloWorld.csproj", "{5572471D-6F33-4DE4-84EA-63980136F103}"
EndProject
Project("{9A19103F-16F7-4668-BE54-9A1E7A4F7556}") = "SimplePhotos", "WinUI3\SimplePhotos\SimplePhotos.csproj", "{1AB80D3A-6A39-463C-AE3D-1DBDE7CDEFB8}"
EndProject
Project("{2150E333-8FDC-42A3-9474-1A3956D46DE8}") = "WPF", "WPF", "{E4DDAEA3-FED7-41C6-AB6F-24F0E9B8F14F}"
EndProject
Project("{2150E333-8FDC-42A3-9474-1A3956D46DE8}") = "WinUI3", "WinUI3", "{6951B38D-7C64-4B07-9B79-90D737A7A89C}"
EndProject
Project("{2150E333-8FDC-42A3-9474-1A3956D46DE8}") = "Console", "Console", "{BF8D609B-DF5B-4479-953F-307E9F385157}"
EndProject
Project("{9A19103F-16F7-4668-BE54-9A1E7A4F7556}") = "Names", "WPF\Names\Names.csproj", "{1DD0CB13-C315-4985-9BD7-EC27E6F942ED}"
EndProject
Project("{9A19103F-16F7-4668-BE54-9A1E7A4F7556}") = "HelloWPFApp", "WPF\HelloWPFApp\HelloWPFApp.csproj", "{3C48C5A1-783A-4D96-91F1-8B1D670D496F}"
EndProject
Project("{2150E333-8FDC-42A3-9474-1A3956D46DE8}") = "Lesson", "Lesson", "{946EE6EA-50F8-4078-84A9-91B8856B9B08}"
EndProject
Project("{9A19103F-16F7-4668-BE54-9A1E7A4F7556}") = "WpfBook001", "WPF\Book\WpfBook001\WpfBook001.csproj", "{DE0B21D1-91B4-4526-BBE7-0B9A6FEE3D92}"
EndProject
Project("{2150E333-8FDC-42A3-9474-1A3956D46DE8}") = "Book", "Book", "{001B3F0C-03C6-4428-86E2-D0637D8D62C6}"
EndProject
Project("{FAE04EC0-301F-11D3-BF4B-00C04F79EFBC}") = "WPF002", "..\WPF_book\WPF002\WPF002.csproj", "{3E19B281-B954-4695-8F13-C730313E36CF}"
EndProject
Project("{FAE04EC0-301F-11D3-BF4B-00C04F79EFBC}") = "WPF002_2", "..\WPF_book\WPF002_2\WPF002_2.csproj", "{A656383F-AA89-4721-9450-79B8CB85F43C}"
EndProject
Project("{FAE04EC0-301F-11D3-BF4B-00C04F79EFBC}") = "WPF003", "..\WPF_book\WPF003\WPF003.csproj", "{6F1F42A4-4CBB-4961-962D-88D5E2D3C077}"
EndProject
Project("{FAE04EC0-301F-11D3-BF4B-00C04F79EFBC}") = "WPF004", "..\WPF_book\WPF004\WPF004.csproj", "{86C2E249-1B75-4AE1-99E8-E92BFBC373BF}"
EndProject
Project("{FAE04EC0-301F-11D3-BF4B-00C04F79EFBC}") = "WPF005", "..\WPF_book\WPF005\WPF005.csproj", "{84BB898F-2C84-4203-90EE-8B0DFD87072B}"
EndProject
Project("{FAE04EC0-301F-11D3-BF4B-00C04F79EFBC}") = "WPF006", "..\WPF_book\WPF006\WPF006.csproj", "{7529DF8F-A404-4551-9110-45F09E39C7C2}"
EndProject
Project("{FAE04EC0-301F-11D3-BF4B-00C04F79EFBC}") = "WPF006_2", "..\WPF_book\WPF006_2\WPF006_2.csproj", "{13DF9366-2288-4C3A-99B9-04B1C54CBBCC}"
EndProject
Project("{FAE04EC0-301F-11D3-BF4B-00C04F79EFBC}") = "WPF007", "..\WPF_book\WPF007\WPF007.csproj", "{62703352-826C-4140-BCED-FCA52B0AC81A}"
EndProject
Project("{FAE04EC0-301F-11D3-BF4B-00C04F79EFBC}") = "WPF008", "..\WPF_book\WPF008\WPF008.csproj", "{61AA90F5-241B-49E1-A98B-AA4A379F9029}"
EndProject
Project("{FAE04EC0-301F-11D3-BF4B-00C04F79EFBC}") = "WPF009", "..\WPF_book\WPF009\WPF009.csproj", "{6DA7608E-A89B-46E2-B6CF-197762922B25}"
EndProject
Project("{FAE04EC0-301F-11D3-BF4B-00C04F79EFBC}") = "WPF010", "..\WPF_book\WPF010\WPF010.csproj", "{623115E6-FAD5-4B4F-B45C-46CA7C112F71}"
EndProject
Project("{FAE04EC0-301F-11D3-BF4B-00C04F79EFBC}") = "WPF011", "..\WPF_book\WPF011\WPF011.csproj", "{125D1921-EDFB-42FA-8726-90C1D882DDFD}"
EndProject
Project("{FAE04EC0-301F-11D3-BF4B-00C04F79EFBC}") = "WPF012", "..\WPF_book\WPF012\WPF012.csproj", "{6FD81C52-82E6-4053-8304-FC874A4D3835}"
EndProject
Project("{FAE04EC0-301F-11D3-BF4B-00C04F79EFBC}") = "WPF013", "..\WPF_book\WPF013\WPF013.csproj", "{F11C4EDC-25CD-4D1A-8EB5-4771B627621F}"
EndProject
Project("{FAE04EC0-301F-11D3-BF4B-00C04F79EFBC}") = "WPF014", "..\WPF_book\WPF014\WPF014.csproj", "{101DC30D-CC4D-4EE8-B05A-B0213D4EAEF7}"
EndProject
Project("{FAE04EC0-301F-11D3-BF4B-00C04F79EFBC}") = "WPF015", "..\WPF_book\WPF015\WPF015.csproj", "{98FFE54C-D0EF-4233-ABA1-A227516EC805}"
EndProject
Project("{FAE04EC0-301F-11D3-BF4B-00C04F79EFBC}") = "WPF016", "..\WPF_book\WPF016\WPF016.csproj", "{2862433A-F0F4-4049-9E92-AAB61194D2EE}"
EndProject
Project("{FAE04EC0-301F-11D3-BF4B-00C04F79EFBC}") = "WPF017", "..\WPF_book\WPF017\WPF017.csproj", "{B212E8E9-56A9-444D-9A6C-B6D2361E2631}"
EndProject
Project("{FAE04EC0-301F-11D3-BF4B-00C04F79EFBC}") = "WPF018", "..\WPF_book\WPF018\WPF018.csproj", "{2A7EC4BE-2A00-47A6-A548-2B2804A48104}"
EndProject
Project("{FAE04EC0-301F-11D3-BF4B-00C04F79EFBC}") = "WPF019", "..\WPF_book\WPF019\WPF019.csproj", "{B00BB5EE-E903-4D79-BBE3-F66AFF2FE77E}"
EndProject
Project("{FAE04EC0-301F-11D3-BF4B-00C04F79EFBC}") = "WPF020", "..\WPF_book\WPF020\WPF020.csproj", "{F79A0F5E-E6DC-4027-A2BB-F18FA4599806}"
EndProject
Project("{FAE04EC0-301F-11D3-BF4B-00C04F79EFBC}") = "WPF021", "..\WPF_book\WPF021\WPF021.csproj", "{A6EB576B-0C20-4625-934E-68A502B84BBA}"
EndProject
Project("{FAE04EC0-301F-11D3-BF4B-00C04F79EFBC}") = "WPF022", "..\WPF_book\WPF022\WPF022.csproj", "{79AEFEFF-B885-450D-B4A7-A8CBD8DB4E44}"
EndProject
Project("{FAE04EC0-301F-11D3-BF4B-00C04F79EFBC}") = "WPF023", "..\WPF_book\WPF023\WPF023.csproj", "{D3384F21-6C49-4EC0-95E4-916E26772F60}"
EndProject
Project("{FAE04EC0-301F-11D3-BF4B-00C04F79EFBC}") = "WPF024", "..\WPF_book\WPF024\WPF024.csproj", "{59D68395-E126-4223-86DB-5AAE90A518D3}"
EndProject
Project("{FAE04EC0-301F-11D3-BF4B-00C04F79EFBC}") = "WPF025", "..\WPF_book\WPF025\WPF025.csproj", "{BAF51868-2C4F-4741-8867-A5858406D69E}"
EndProject
Project("{FAE04EC0-301F-11D3-BF4B-00C04F79EFBC}") = "WPF026", "..\WPF_book\WPF026\WPF026.csproj", "{14DCFF0C-2A47-453F-BE54-02F7C624BE13}"
EndProject
Project("{FAE04EC0-301F-11D3-BF4B-00C04F79EFBC}") = "WPF027", "..\WPF_book\WPF027\WPF027.csproj", "{AC4B1745-6839-4775-82D9-E0549EA21A34}"
EndProject
Project("{FAE04EC0-301F-11D3-BF4B-00C04F79EFBC}") = "WPF028", "..\WPF_book\WPF028\WPF028.csproj", "{44EEB90D-1612-413F-9471-018F9313549F}"
EndProject
Project("{FAE04EC0-301F-11D3-BF4B-00C04F79EFBC}") = "WPF029", "..\WPF_book\WPF029\WPF029.csproj", "{F4A07A5C-30E8-4A8E-82AD-F68878012C04}"
EndProject
Project("{FAE04EC0-301F-11D3-BF4B-00C04F79EFBC}") = "WPF030", "..\WPF_book\WPF030\WPF030.csproj", "{80145B52-6A15-4366-BE09-F66DED3982B7}"
EndProject
Project("{9A19103F-16F7-4668-BE54-9A1E7A4F7556}") = "WpfNetApp1", "WPF\WpfNetApp1\WpfNetApp1.csproj", "{3F911CD9-4F55-430B-A4FA-FCF6E4BDBDB9}"
EndProject
Project("{FAE04EC0-301F-11D3-BF4B-00C04F79EFBC}") = "WpfNetFwApp1", "WPF\WpfNetFwApp1\WpfNetFwApp1.csproj", "{FA2FF78A-EB3E-4790-AE0D-2AA60D920E27}"
EndProject
Project("{9A19103F-16F7-4668-BE54-9A1E7A4F7556}") = "WpfNetCustomControlLibrary1", "WPF\WpfNetCustomControlLibrary1\WpfNetCustomControlLibrary1.csproj", "{FD5902D0-BC73-440F-91E9-500F550A2780}"
EndProject
Project("{9A19103F-16F7-4668-BE54-9A1E7A4F7556}") = "PrismApp1Unity", "WPF\Prism\PrismApp1Unity\PrismApp1Unity.csproj", "{45F049BB-A6D0-40AB-9492-1E47625AEF64}"
EndProject
Project("{9A19103F-16F7-4668-BE54-9A1E7A4F7556}") = "PrismApp1DryIoc", "WPF\Prism\PrismApp1DryIoc\PrismApp1DryIoc.csproj", "{9424910F-91F7-475D-980E-F77977E0E1AB}"
EndProject
Project("{9A19103F-16F7-4668-BE54-9A1E7A4F7556}") = "WpfCustomControls1", "WPF\WpfCustomControls1\WpfCustomControls1.csproj", "{E30AD0C8-060D-4729-A8F8-D8971C5F89E6}"
EndProject
Project("{9A19103F-16F7-4668-BE54-9A1E7A4F7556}") = "WpfNetControlApp1", "WPF\WpfNetControlApp1\WpfNetControlApp1.csproj", "{6BC350F3-43AF-4FA4-A581-C7460231A4CE}"
EndProject
Project("{2150E333-8FDC-42A3-9474-1A3956D46DE8}") = "Controls", "Controls", "{3300C708-EA78-4DC2-8202-17B9C8A5342B}"
EndProject
Project("{FAE04EC0-301F-11D3-BF4B-00C04F79EFBC}") = "WpfUserControlsApp1", "WPF\WpfControls\WpfUserControlsApp1\WpfUserControlsApp1.csproj", "{DE5B66B0-C097-417E-A8DD-6B380834E1BD}"
EndProject
Project("{9A19103F-16F7-4668-BE54-9A1E7A4F7556}") = "WpfControlTemplateApp1", "WPF\WpfControls\WpfControlTemplateApp1\WpfControlTemplateApp1.csproj", "{1E3EBFFA-C025-409C-97A1-6909118925EB}"
EndProject
Project("{FAE04EC0-301F-11D3-BF4B-00C04F79EFBC}") = "WpfCustomControlApp1", "WPF\WpfControls\WpfCustomControlApp1\WpfCustomControlApp1.csproj", "{3DF8E228-0F8E-4568-A055-31579EA22237}"
EndProject
Project("{FAE04EC0-301F-11D3-BF4B-00C04F79EFBC}") = "WpfCustomButtonApp1", "WPF\WpfControls\WpfCustomButtonApp1\WpfCustomButtonApp1.csproj", "{E2DD0943-00F0-460B-9E9E-A595EA7EE1EE}"
EndProject
Project("{FAE04EC0-301F-11D3-BF4B-00C04F79EFBC}") = "WpfCustomToggleApp1", "WPF\WpfControls\WpfCustomToggleApp1\WpfCustomToggleApp1.csproj", "{A88A78C9-902E-4A8A-9250-B62AE2B31C45}"
EndProject
Project("{FAE04EC0-301F-11D3-BF4B-00C04F79EFBC}") = "ControlsApp1", "WinUI3\ControlsApp1\ControlsApp1.csproj", "{C0DF3840-FDE3-41FA-AA55-3EFEACBEBECD}"
EndProject
Global
	GlobalSection(SolutionConfigurationPlatforms) = preSolution
		Debug|Any CPU = Debug|Any CPU
		Debug|ARM64 = Debug|ARM64
		Debug|x64 = Debug|x64
		Debug|x86 = Debug|x86
		Release|Any CPU = Release|Any CPU
		Release|ARM64 = Release|ARM64
		Release|x64 = Release|x64
		Release|x86 = Release|x86
	EndGlobalSection
	GlobalSection(ProjectConfigurationPlatforms) = postSolution
		{D6A6D415-C6BA-40E3-AB75-B7E0B01CB595}.Debug|Any CPU.ActiveCfg = Debug|Any CPU
		{D6A6D415-C6BA-40E3-AB75-B7E0B01CB595}.Debug|Any CPU.Build.0 = Debug|Any CPU
		{D6A6D415-C6BA-40E3-AB75-B7E0B01CB595}.Debug|ARM64.ActiveCfg = Debug|Any CPU
		{D6A6D415-C6BA-40E3-AB75-B7E0B01CB595}.Debug|ARM64.Build.0 = Debug|Any CPU
		{D6A6D415-C6BA-40E3-AB75-B7E0B01CB595}.Debug|x64.ActiveCfg = Debug|Any CPU
		{D6A6D415-C6BA-40E3-AB75-B7E0B01CB595}.Debug|x64.Build.0 = Debug|Any CPU
		{D6A6D415-C6BA-40E3-AB75-B7E0B01CB595}.Debug|x86.ActiveCfg = Debug|Any CPU
		{D6A6D415-C6BA-40E3-AB75-B7E0B01CB595}.Debug|x86.Build.0 = Debug|Any CPU
		{D6A6D415-C6BA-40E3-AB75-B7E0B01CB595}.Release|Any CPU.ActiveCfg = Release|Any CPU
		{D6A6D415-C6BA-40E3-AB75-B7E0B01CB595}.Release|Any CPU.Build.0 = Release|Any CPU
		{D6A6D415-C6BA-40E3-AB75-B7E0B01CB595}.Release|ARM64.ActiveCfg = Release|Any CPU
		{D6A6D415-C6BA-40E3-AB75-B7E0B01CB595}.Release|ARM64.Build.0 = Release|Any CPU
		{D6A6D415-C6BA-40E3-AB75-B7E0B01CB595}.Release|x64.ActiveCfg = Release|Any CPU
		{D6A6D415-C6BA-40E3-AB75-B7E0B01CB595}.Release|x64.Build.0 = Release|Any CPU
		{D6A6D415-C6BA-40E3-AB75-B7E0B01CB595}.Release|x86.ActiveCfg = Release|Any CPU
		{D6A6D415-C6BA-40E3-AB75-B7E0B01CB595}.Release|x86.Build.0 = Release|Any CPU
		{6F63FC9F-DCF8-42C7-964B-D422624B8CDC}.Debug|Any CPU.ActiveCfg = Debug|Any CPU
		{6F63FC9F-DCF8-42C7-964B-D422624B8CDC}.Debug|Any CPU.Build.0 = Debug|Any CPU
		{6F63FC9F-DCF8-42C7-964B-D422624B8CDC}.Debug|ARM64.ActiveCfg = Debug|Any CPU
		{6F63FC9F-DCF8-42C7-964B-D422624B8CDC}.Debug|ARM64.Build.0 = Debug|Any CPU
		{6F63FC9F-DCF8-42C7-964B-D422624B8CDC}.Debug|x64.ActiveCfg = Debug|Any CPU
		{6F63FC9F-DCF8-42C7-964B-D422624B8CDC}.Debug|x64.Build.0 = Debug|Any CPU
		{6F63FC9F-DCF8-42C7-964B-D422624B8CDC}.Debug|x86.ActiveCfg = Debug|Any CPU
		{6F63FC9F-DCF8-42C7-964B-D422624B8CDC}.Debug|x86.Build.0 = Debug|Any CPU
		{6F63FC9F-DCF8-42C7-964B-D422624B8CDC}.Release|Any CPU.ActiveCfg = Release|Any CPU
		{6F63FC9F-DCF8-42C7-964B-D422624B8CDC}.Release|Any CPU.Build.0 = Release|Any CPU
		{6F63FC9F-DCF8-42C7-964B-D422624B8CDC}.Release|ARM64.ActiveCfg = Release|Any CPU
		{6F63FC9F-DCF8-42C7-964B-D422624B8CDC}.Release|ARM64.Build.0 = Release|Any CPU
		{6F63FC9F-DCF8-42C7-964B-D422624B8CDC}.Release|x64.ActiveCfg = Release|Any CPU
		{6F63FC9F-DCF8-42C7-964B-D422624B8CDC}.Release|x64.Build.0 = Release|Any CPU
		{6F63FC9F-DCF8-42C7-964B-D422624B8CDC}.Release|x86.ActiveCfg = Release|Any CPU
		{6F63FC9F-DCF8-42C7-964B-D422624B8CDC}.Release|x86.Build.0 = Release|Any CPU
		{5572471D-6F33-4DE4-84EA-63980136F103}.Debug|Any CPU.ActiveCfg = Debug|x64
		{5572471D-6F33-4DE4-84EA-63980136F103}.Debug|Any CPU.Build.0 = Debug|x64
		{5572471D-6F33-4DE4-84EA-63980136F103}.Debug|Any CPU.Deploy.0 = Debug|x64
		{5572471D-6F33-4DE4-84EA-63980136F103}.Debug|ARM64.ActiveCfg = Debug|ARM64
		{5572471D-6F33-4DE4-84EA-63980136F103}.Debug|ARM64.Build.0 = Debug|ARM64
		{5572471D-6F33-4DE4-84EA-63980136F103}.Debug|ARM64.Deploy.0 = Debug|ARM64
		{5572471D-6F33-4DE4-84EA-63980136F103}.Debug|x64.ActiveCfg = Debug|x64
		{5572471D-6F33-4DE4-84EA-63980136F103}.Debug|x64.Build.0 = Debug|x64
		{5572471D-6F33-4DE4-84EA-63980136F103}.Debug|x64.Deploy.0 = Debug|x64
		{5572471D-6F33-4DE4-84EA-63980136F103}.Debug|x86.ActiveCfg = Debug|x86
		{5572471D-6F33-4DE4-84EA-63980136F103}.Debug|x86.Build.0 = Debug|x86
		{5572471D-6F33-4DE4-84EA-63980136F103}.Debug|x86.Deploy.0 = Debug|x86
		{5572471D-6F33-4DE4-84EA-63980136F103}.Release|Any CPU.ActiveCfg = Release|x64
		{5572471D-6F33-4DE4-84EA-63980136F103}.Release|Any CPU.Build.0 = Release|x64
		{5572471D-6F33-4DE4-84EA-63980136F103}.Release|Any CPU.Deploy.0 = Release|x64
		{5572471D-6F33-4DE4-84EA-63980136F103}.Release|ARM64.ActiveCfg = Release|ARM64
		{5572471D-6F33-4DE4-84EA-63980136F103}.Release|ARM64.Build.0 = Release|ARM64
		{5572471D-6F33-4DE4-84EA-63980136F103}.Release|ARM64.Deploy.0 = Release|ARM64
		{5572471D-6F33-4DE4-84EA-63980136F103}.Release|x64.ActiveCfg = Release|x64
		{5572471D-6F33-4DE4-84EA-63980136F103}.Release|x64.Build.0 = Release|x64
		{5572471D-6F33-4DE4-84EA-63980136F103}.Release|x64.Deploy.0 = Release|x64
		{5572471D-6F33-4DE4-84EA-63980136F103}.Release|x86.ActiveCfg = Release|x86
		{5572471D-6F33-4DE4-84EA-63980136F103}.Release|x86.Build.0 = Release|x86
		{5572471D-6F33-4DE4-84EA-63980136F103}.Release|x86.Deploy.0 = Release|x86
		{1AB80D3A-6A39-463C-AE3D-1DBDE7CDEFB8}.Debug|Any CPU.ActiveCfg = Debug|x64
		{1AB80D3A-6A39-463C-AE3D-1DBDE7CDEFB8}.Debug|Any CPU.Build.0 = Debug|x64
		{1AB80D3A-6A39-463C-AE3D-1DBDE7CDEFB8}.Debug|Any CPU.Deploy.0 = Debug|x64
		{1AB80D3A-6A39-463C-AE3D-1DBDE7CDEFB8}.Debug|ARM64.ActiveCfg = Debug|ARM64
		{1AB80D3A-6A39-463C-AE3D-1DBDE7CDEFB8}.Debug|ARM64.Build.0 = Debug|ARM64
		{1AB80D3A-6A39-463C-AE3D-1DBDE7CDEFB8}.Debug|ARM64.Deploy.0 = Debug|ARM64
		{1AB80D3A-6A39-463C-AE3D-1DBDE7CDEFB8}.Debug|x64.ActiveCfg = Debug|x64
		{1AB80D3A-6A39-463C-AE3D-1DBDE7CDEFB8}.Debug|x64.Build.0 = Debug|x64
		{1AB80D3A-6A39-463C-AE3D-1DBDE7CDEFB8}.Debug|x64.Deploy.0 = Debug|x64
		{1AB80D3A-6A39-463C-AE3D-1DBDE7CDEFB8}.Debug|x86.ActiveCfg = Debug|x86
		{1AB80D3A-6A39-463C-AE3D-1DBDE7CDEFB8}.Debug|x86.Build.0 = Debug|x86
		{1AB80D3A-6A39-463C-AE3D-1DBDE7CDEFB8}.Debug|x86.Deploy.0 = Debug|x86
		{1AB80D3A-6A39-463C-AE3D-1DBDE7CDEFB8}.Release|Any CPU.ActiveCfg = Release|x64
		{1AB80D3A-6A39-463C-AE3D-1DBDE7CDEFB8}.Release|Any CPU.Build.0 = Release|x64
		{1AB80D3A-6A39-463C-AE3D-1DBDE7CDEFB8}.Release|Any CPU.Deploy.0 = Release|x64
		{1AB80D3A-6A39-463C-AE3D-1DBDE7CDEFB8}.Release|ARM64.ActiveCfg = Release|ARM64
		{1AB80D3A-6A39-463C-AE3D-1DBDE7CDEFB8}.Release|ARM64.Build.0 = Release|ARM64
		{1AB80D3A-6A39-463C-AE3D-1DBDE7CDEFB8}.Release|ARM64.Deploy.0 = Release|ARM64
		{1AB80D3A-6A39-463C-AE3D-1DBDE7CDEFB8}.Release|x64.ActiveCfg = Release|x64
		{1AB80D3A-6A39-463C-AE3D-1DBDE7CDEFB8}.Release|x64.Build.0 = Release|x64
		{1AB80D3A-6A39-463C-AE3D-1DBDE7CDEFB8}.Release|x64.Deploy.0 = Release|x64
		{1AB80D3A-6A39-463C-AE3D-1DBDE7CDEFB8}.Release|x86.ActiveCfg = Release|x86
		{1AB80D3A-6A39-463C-AE3D-1DBDE7CDEFB8}.Release|x86.Build.0 = Release|x86
		{1AB80D3A-6A39-463C-AE3D-1DBDE7CDEFB8}.Release|x86.Deploy.0 = Release|x86
		{1DD0CB13-C315-4985-9BD7-EC27E6F942ED}.Debug|Any CPU.ActiveCfg = Debug|Any CPU
		{1DD0CB13-C315-4985-9BD7-EC27E6F942ED}.Debug|Any CPU.Build.0 = Debug|Any CPU
		{1DD0CB13-C315-4985-9BD7-EC27E6F942ED}.Debug|ARM64.ActiveCfg = Debug|Any CPU
		{1DD0CB13-C315-4985-9BD7-EC27E6F942ED}.Debug|ARM64.Build.0 = Debug|Any CPU
		{1DD0CB13-C315-4985-9BD7-EC27E6F942ED}.Debug|x64.ActiveCfg = Debug|Any CPU
		{1DD0CB13-C315-4985-9BD7-EC27E6F942ED}.Debug|x64.Build.0 = Debug|Any CPU
		{1DD0CB13-C315-4985-9BD7-EC27E6F942ED}.Debug|x86.ActiveCfg = Debug|Any CPU
		{1DD0CB13-C315-4985-9BD7-EC27E6F942ED}.Debug|x86.Build.0 = Debug|Any CPU
		{1DD0CB13-C315-4985-9BD7-EC27E6F942ED}.Release|Any CPU.ActiveCfg = Release|Any CPU
		{1DD0CB13-C315-4985-9BD7-EC27E6F942ED}.Release|Any CPU.Build.0 = Release|Any CPU
		{1DD0CB13-C315-4985-9BD7-EC27E6F942ED}.Release|ARM64.ActiveCfg = Release|Any CPU
		{1DD0CB13-C315-4985-9BD7-EC27E6F942ED}.Release|ARM64.Build.0 = Release|Any CPU
		{1DD0CB13-C315-4985-9BD7-EC27E6F942ED}.Release|x64.ActiveCfg = Release|Any CPU
		{1DD0CB13-C315-4985-9BD7-EC27E6F942ED}.Release|x64.Build.0 = Release|Any CPU
		{1DD0CB13-C315-4985-9BD7-EC27E6F942ED}.Release|x86.ActiveCfg = Release|Any CPU
		{1DD0CB13-C315-4985-9BD7-EC27E6F942ED}.Release|x86.Build.0 = Release|Any CPU
		{3C48C5A1-783A-4D96-91F1-8B1D670D496F}.Debug|Any CPU.ActiveCfg = Debug|Any CPU
		{3C48C5A1-783A-4D96-91F1-8B1D670D496F}.Debug|Any CPU.Build.0 = Debug|Any CPU
		{3C48C5A1-783A-4D96-91F1-8B1D670D496F}.Debug|ARM64.ActiveCfg = Debug|Any CPU
		{3C48C5A1-783A-4D96-91F1-8B1D670D496F}.Debug|ARM64.Build.0 = Debug|Any CPU
		{3C48C5A1-783A-4D96-91F1-8B1D670D496F}.Debug|x64.ActiveCfg = Debug|Any CPU
		{3C48C5A1-783A-4D96-91F1-8B1D670D496F}.Debug|x64.Build.0 = Debug|Any CPU
		{3C48C5A1-783A-4D96-91F1-8B1D670D496F}.Debug|x86.ActiveCfg = Debug|Any CPU
		{3C48C5A1-783A-4D96-91F1-8B1D670D496F}.Debug|x86.Build.0 = Debug|Any CPU
		{3C48C5A1-783A-4D96-91F1-8B1D670D496F}.Release|Any CPU.ActiveCfg = Release|Any CPU
		{3C48C5A1-783A-4D96-91F1-8B1D670D496F}.Release|Any CPU.Build.0 = Release|Any CPU
		{3C48C5A1-783A-4D96-91F1-8B1D670D496F}.Release|ARM64.ActiveCfg = Release|Any CPU
		{3C48C5A1-783A-4D96-91F1-8B1D670D496F}.Release|ARM64.Build.0 = Release|Any CPU
		{3C48C5A1-783A-4D96-91F1-8B1D670D496F}.Release|x64.ActiveCfg = Release|Any CPU
		{3C48C5A1-783A-4D96-91F1-8B1D670D496F}.Release|x64.Build.0 = Release|Any CPU
		{3C48C5A1-783A-4D96-91F1-8B1D670D496F}.Release|x86.ActiveCfg = Release|Any CPU
		{3C48C5A1-783A-4D96-91F1-8B1D670D496F}.Release|x86.Build.0 = Release|Any CPU
		{DE0B21D1-91B4-4526-BBE7-0B9A6FEE3D92}.Debug|Any CPU.ActiveCfg = Debug|Any CPU
		{DE0B21D1-91B4-4526-BBE7-0B9A6FEE3D92}.Debug|Any CPU.Build.0 = Debug|Any CPU
		{DE0B21D1-91B4-4526-BBE7-0B9A6FEE3D92}.Debug|ARM64.ActiveCfg = Debug|Any CPU
		{DE0B21D1-91B4-4526-BBE7-0B9A6FEE3D92}.Debug|ARM64.Build.0 = Debug|Any CPU
		{DE0B21D1-91B4-4526-BBE7-0B9A6FEE3D92}.Debug|x64.ActiveCfg = Debug|Any CPU
		{DE0B21D1-91B4-4526-BBE7-0B9A6FEE3D92}.Debug|x64.Build.0 = Debug|Any CPU
		{DE0B21D1-91B4-4526-BBE7-0B9A6FEE3D92}.Debug|x86.ActiveCfg = Debug|Any CPU
		{DE0B21D1-91B4-4526-BBE7-0B9A6FEE3D92}.Debug|x86.Build.0 = Debug|Any CPU
		{DE0B21D1-91B4-4526-BBE7-0B9A6FEE3D92}.Release|Any CPU.ActiveCfg = Release|Any CPU
		{DE0B21D1-91B4-4526-BBE7-0B9A6FEE3D92}.Release|Any CPU.Build.0 = Release|Any CPU
		{DE0B21D1-91B4-4526-BBE7-0B9A6FEE3D92}.Release|ARM64.ActiveCfg = Release|Any CPU
		{DE0B21D1-91B4-4526-BBE7-0B9A6FEE3D92}.Release|ARM64.Build.0 = Release|Any CPU
		{DE0B21D1-91B4-4526-BBE7-0B9A6FEE3D92}.Release|x64.ActiveCfg = Release|Any CPU
		{DE0B21D1-91B4-4526-BBE7-0B9A6FEE3D92}.Release|x64.Build.0 = Release|Any CPU
		{DE0B21D1-91B4-4526-BBE7-0B9A6FEE3D92}.Release|x86.ActiveCfg = Release|Any CPU
		{DE0B21D1-91B4-4526-BBE7-0B9A6FEE3D92}.Release|x86.Build.0 = Release|Any CPU
		{3E19B281-B954-4695-8F13-C730313E36CF}.Debug|Any CPU.ActiveCfg = Debug|Any CPU
		{3E19B281-B954-4695-8F13-C730313E36CF}.Debug|Any CPU.Build.0 = Debug|Any CPU
		{3E19B281-B954-4695-8F13-C730313E36CF}.Debug|ARM64.ActiveCfg = Debug|Any CPU
		{3E19B281-B954-4695-8F13-C730313E36CF}.Debug|ARM64.Build.0 = Debug|Any CPU
		{3E19B281-B954-4695-8F13-C730313E36CF}.Debug|x64.ActiveCfg = Debug|Any CPU
		{3E19B281-B954-4695-8F13-C730313E36CF}.Debug|x64.Build.0 = Debug|Any CPU
		{3E19B281-B954-4695-8F13-C730313E36CF}.Debug|x86.ActiveCfg = Debug|Any CPU
		{3E19B281-B954-4695-8F13-C730313E36CF}.Debug|x86.Build.0 = Debug|Any CPU
		{3E19B281-B954-4695-8F13-C730313E36CF}.Release|Any CPU.ActiveCfg = Release|Any CPU
		{3E19B281-B954-4695-8F13-C730313E36CF}.Release|Any CPU.Build.0 = Release|Any CPU
		{3E19B281-B954-4695-8F13-C730313E36CF}.Release|ARM64.ActiveCfg = Release|Any CPU
		{3E19B281-B954-4695-8F13-C730313E36CF}.Release|ARM64.Build.0 = Release|Any CPU
		{3E19B281-B954-4695-8F13-C730313E36CF}.Release|x64.ActiveCfg = Release|Any CPU
		{3E19B281-B954-4695-8F13-C730313E36CF}.Release|x64.Build.0 = Release|Any CPU
		{3E19B281-B954-4695-8F13-C730313E36CF}.Release|x86.ActiveCfg = Release|Any CPU
		{3E19B281-B954-4695-8F13-C730313E36CF}.Release|x86.Build.0 = Release|Any CPU
		{A656383F-AA89-4721-9450-79B8CB85F43C}.Debug|Any CPU.ActiveCfg = Debug|Any CPU
		{A656383F-AA89-4721-9450-79B8CB85F43C}.Debug|Any CPU.Build.0 = Debug|Any CPU
		{A656383F-AA89-4721-9450-79B8CB85F43C}.Debug|ARM64.ActiveCfg = Debug|Any CPU
		{A656383F-AA89-4721-9450-79B8CB85F43C}.Debug|ARM64.Build.0 = Debug|Any CPU
		{A656383F-AA89-4721-9450-79B8CB85F43C}.Debug|x64.ActiveCfg = Debug|Any CPU
		{A656383F-AA89-4721-9450-79B8CB85F43C}.Debug|x64.Build.0 = Debug|Any CPU
		{A656383F-AA89-4721-9450-79B8CB85F43C}.Debug|x86.ActiveCfg = Debug|Any CPU
		{A656383F-AA89-4721-9450-79B8CB85F43C}.Debug|x86.Build.0 = Debug|Any CPU
		{A656383F-AA89-4721-9450-79B8CB85F43C}.Release|Any CPU.ActiveCfg = Release|Any CPU
		{A656383F-AA89-4721-9450-79B8CB85F43C}.Release|Any CPU.Build.0 = Release|Any CPU
		{A656383F-AA89-4721-9450-79B8CB85F43C}.Release|ARM64.ActiveCfg = Release|Any CPU
		{A656383F-AA89-4721-9450-79B8CB85F43C}.Release|ARM64.Build.0 = Release|Any CPU
		{A656383F-AA89-4721-9450-79B8CB85F43C}.Release|x64.ActiveCfg = Release|Any CPU
		{A656383F-AA89-4721-9450-79B8CB85F43C}.Release|x64.Build.0 = Release|Any CPU
		{A656383F-AA89-4721-9450-79B8CB85F43C}.Release|x86.ActiveCfg = Release|Any CPU
		{A656383F-AA89-4721-9450-79B8CB85F43C}.Release|x86.Build.0 = Release|Any CPU
		{6F1F42A4-4CBB-4961-962D-88D5E2D3C077}.Debug|Any CPU.ActiveCfg = Debug|Any CPU
		{6F1F42A4-4CBB-4961-962D-88D5E2D3C077}.Debug|Any CPU.Build.0 = Debug|Any CPU
		{6F1F42A4-4CBB-4961-962D-88D5E2D3C077}.Debug|ARM64.ActiveCfg = Debug|Any CPU
		{6F1F42A4-4CBB-4961-962D-88D5E2D3C077}.Debug|ARM64.Build.0 = Debug|Any CPU
		{6F1F42A4-4CBB-4961-962D-88D5E2D3C077}.Debug|x64.ActiveCfg = Debug|Any CPU
		{6F1F42A4-4CBB-4961-962D-88D5E2D3C077}.Debug|x64.Build.0 = Debug|Any CPU
		{6F1F42A4-4CBB-4961-962D-88D5E2D3C077}.Debug|x86.ActiveCfg = Debug|Any CPU
		{6F1F42A4-4CBB-4961-962D-88D5E2D3C077}.Debug|x86.Build.0 = Debug|Any CPU
		{6F1F42A4-4CBB-4961-962D-88D5E2D3C077}.Release|Any CPU.ActiveCfg = Release|Any CPU
		{6F1F42A4-4CBB-4961-962D-88D5E2D3C077}.Release|Any CPU.Build.0 = Release|Any CPU
		{6F1F42A4-4CBB-4961-962D-88D5E2D3C077}.Release|ARM64.ActiveCfg = Release|Any CPU
		{6F1F42A4-4CBB-4961-962D-88D5E2D3C077}.Release|ARM64.Build.0 = Release|Any CPU
		{6F1F42A4-4CBB-4961-962D-88D5E2D3C077}.Release|x64.ActiveCfg = Release|Any CPU
		{6F1F42A4-4CBB-4961-962D-88D5E2D3C077}.Release|x64.Build.0 = Release|Any CPU
		{6F1F42A4-4CBB-4961-962D-88D5E2D3C077}.Release|x86.ActiveCfg = Release|Any CPU
		{6F1F42A4-4CBB-4961-962D-88D5E2D3C077}.Release|x86.Build.0 = Release|Any CPU
		{86C2E249-1B75-4AE1-99E8-E92BFBC373BF}.Debug|Any CPU.ActiveCfg = Debug|Any CPU
		{86C2E249-1B75-4AE1-99E8-E92BFBC373BF}.Debug|Any CPU.Build.0 = Debug|Any CPU
		{86C2E249-1B75-4AE1-99E8-E92BFBC373BF}.Debug|ARM64.ActiveCfg = Debug|Any CPU
		{86C2E249-1B75-4AE1-99E8-E92BFBC373BF}.Debug|ARM64.Build.0 = Debug|Any CPU
		{86C2E249-1B75-4AE1-99E8-E92BFBC373BF}.Debug|x64.ActiveCfg = Debug|Any CPU
		{86C2E249-1B75-4AE1-99E8-E92BFBC373BF}.Debug|x64.Build.0 = Debug|Any CPU
		{86C2E249-1B75-4AE1-99E8-E92BFBC373BF}.Debug|x86.ActiveCfg = Debug|Any CPU
		{86C2E249-1B75-4AE1-99E8-E92BFBC373BF}.Debug|x86.Build.0 = Debug|Any CPU
		{86C2E249-1B75-4AE1-99E8-E92BFBC373BF}.Release|Any CPU.ActiveCfg = Release|Any CPU
		{86C2E249-1B75-4AE1-99E8-E92BFBC373BF}.Release|Any CPU.Build.0 = Release|Any CPU
		{86C2E249-1B75-4AE1-99E8-E92BFBC373BF}.Release|ARM64.ActiveCfg = Release|Any CPU
		{86C2E249-1B75-4AE1-99E8-E92BFBC373BF}.Release|ARM64.Build.0 = Release|Any CPU
		{86C2E249-1B75-4AE1-99E8-E92BFBC373BF}.Release|x64.ActiveCfg = Release|Any CPU
		{86C2E249-1B75-4AE1-99E8-E92BFBC373BF}.Release|x64.Build.0 = Release|Any CPU
		{86C2E249-1B75-4AE1-99E8-E92BFBC373BF}.Release|x86.ActiveCfg = Release|Any CPU
		{86C2E249-1B75-4AE1-99E8-E92BFBC373BF}.Release|x86.Build.0 = Release|Any CPU
		{84BB898F-2C84-4203-90EE-8B0DFD87072B}.Debug|Any CPU.ActiveCfg = Debug|Any CPU
		{84BB898F-2C84-4203-90EE-8B0DFD87072B}.Debug|Any CPU.Build.0 = Debug|Any CPU
		{84BB898F-2C84-4203-90EE-8B0DFD87072B}.Debug|ARM64.ActiveCfg = Debug|Any CPU
		{84BB898F-2C84-4203-90EE-8B0DFD87072B}.Debug|ARM64.Build.0 = Debug|Any CPU
		{84BB898F-2C84-4203-90EE-8B0DFD87072B}.Debug|x64.ActiveCfg = Debug|Any CPU
		{84BB898F-2C84-4203-90EE-8B0DFD87072B}.Debug|x64.Build.0 = Debug|Any CPU
		{84BB898F-2C84-4203-90EE-8B0DFD87072B}.Debug|x86.ActiveCfg = Debug|Any CPU
		{84BB898F-2C84-4203-90EE-8B0DFD87072B}.Debug|x86.Build.0 = Debug|Any CPU
		{84BB898F-2C84-4203-90EE-8B0DFD87072B}.Release|Any CPU.ActiveCfg = Release|Any CPU
		{84BB898F-2C84-4203-90EE-8B0DFD87072B}.Release|Any CPU.Build.0 = Release|Any CPU
		{84BB898F-2C84-4203-90EE-8B0DFD87072B}.Release|ARM64.ActiveCfg = Release|Any CPU
		{84BB898F-2C84-4203-90EE-8B0DFD87072B}.Release|ARM64.Build.0 = Release|Any CPU
		{84BB898F-2C84-4203-90EE-8B0DFD87072B}.Release|x64.ActiveCfg = Release|Any CPU
		{84BB898F-2C84-4203-90EE-8B0DFD87072B}.Release|x64.Build.0 = Release|Any CPU
		{84BB898F-2C84-4203-90EE-8B0DFD87072B}.Release|x86.ActiveCfg = Release|Any CPU
		{84BB898F-2C84-4203-90EE-8B0DFD87072B}.Release|x86.Build.0 = Release|Any CPU
		{7529DF8F-A404-4551-9110-45F09E39C7C2}.Debug|Any CPU.ActiveCfg = Debug|Any CPU
		{7529DF8F-A404-4551-9110-45F09E39C7C2}.Debug|Any CPU.Build.0 = Debug|Any CPU
		{7529DF8F-A404-4551-9110-45F09E39C7C2}.Debug|ARM64.ActiveCfg = Debug|Any CPU
		{7529DF8F-A404-4551-9110-45F09E39C7C2}.Debug|ARM64.Build.0 = Debug|Any CPU
		{7529DF8F-A404-4551-9110-45F09E39C7C2}.Debug|x64.ActiveCfg = Debug|Any CPU
		{7529DF8F-A404-4551-9110-45F09E39C7C2}.Debug|x64.Build.0 = Debug|Any CPU
		{7529DF8F-A404-4551-9110-45F09E39C7C2}.Debug|x86.ActiveCfg = Debug|Any CPU
		{7529DF8F-A404-4551-9110-45F09E39C7C2}.Debug|x86.Build.0 = Debug|Any CPU
		{7529DF8F-A404-4551-9110-45F09E39C7C2}.Release|Any CPU.ActiveCfg = Release|Any CPU
		{7529DF8F-A404-4551-9110-45F09E39C7C2}.Release|Any CPU.Build.0 = Release|Any CPU
		{7529DF8F-A404-4551-9110-45F09E39C7C2}.Release|ARM64.ActiveCfg = Release|Any CPU
		{7529DF8F-A404-4551-9110-45F09E39C7C2}.Release|ARM64.Build.0 = Release|Any CPU
		{7529DF8F-A404-4551-9110-45F09E39C7C2}.Release|x64.ActiveCfg = Release|Any CPU
		{7529DF8F-A404-4551-9110-45F09E39C7C2}.Release|x64.Build.0 = Release|Any CPU
		{7529DF8F-A404-4551-9110-45F09E39C7C2}.Release|x86.ActiveCfg = Release|Any CPU
		{7529DF8F-A404-4551-9110-45F09E39C7C2}.Release|x86.Build.0 = Release|Any CPU
		{13DF9366-2288-4C3A-99B9-04B1C54CBBCC}.Debug|Any CPU.ActiveCfg = Debug|Any CPU
		{13DF9366-2288-4C3A-99B9-04B1C54CBBCC}.Debug|Any CPU.Build.0 = Debug|Any CPU
		{13DF9366-2288-4C3A-99B9-04B1C54CBBCC}.Debug|ARM64.ActiveCfg = Debug|Any CPU
		{13DF9366-2288-4C3A-99B9-04B1C54CBBCC}.Debug|ARM64.Build.0 = Debug|Any CPU
		{13DF9366-2288-4C3A-99B9-04B1C54CBBCC}.Debug|x64.ActiveCfg = Debug|Any CPU
		{13DF9366-2288-4C3A-99B9-04B1C54CBBCC}.Debug|x64.Build.0 = Debug|Any CPU
		{13DF9366-2288-4C3A-99B9-04B1C54CBBCC}.Debug|x86.ActiveCfg = Debug|Any CPU
		{13DF9366-2288-4C3A-99B9-04B1C54CBBCC}.Debug|x86.Build.0 = Debug|Any CPU
		{13DF9366-2288-4C3A-99B9-04B1C54CBBCC}.Release|Any CPU.ActiveCfg = Release|Any CPU
		{13DF9366-2288-4C3A-99B9-04B1C54CBBCC}.Release|Any CPU.Build.0 = Release|Any CPU
		{13DF9366-2288-4C3A-99B9-04B1C54CBBCC}.Release|ARM64.ActiveCfg = Release|Any CPU
		{13DF9366-2288-4C3A-99B9-04B1C54CBBCC}.Release|ARM64.Build.0 = Release|Any CPU
		{13DF9366-2288-4C3A-99B9-04B1C54CBBCC}.Release|x64.ActiveCfg = Release|Any CPU
		{13DF9366-2288-4C3A-99B9-04B1C54CBBCC}.Release|x64.Build.0 = Release|Any CPU
		{13DF9366-2288-4C3A-99B9-04B1C54CBBCC}.Release|x86.ActiveCfg = Release|Any CPU
		{13DF9366-2288-4C3A-99B9-04B1C54CBBCC}.Release|x86.Build.0 = Release|Any CPU
		{62703352-826C-4140-BCED-FCA52B0AC81A}.Debug|Any CPU.ActiveCfg = Debug|Any CPU
		{62703352-826C-4140-BCED-FCA52B0AC81A}.Debug|Any CPU.Build.0 = Debug|Any CPU
		{62703352-826C-4140-BCED-FCA52B0AC81A}.Debug|ARM64.ActiveCfg = Debug|Any CPU
		{62703352-826C-4140-BCED-FCA52B0AC81A}.Debug|ARM64.Build.0 = Debug|Any CPU
		{62703352-826C-4140-BCED-FCA52B0AC81A}.Debug|x64.ActiveCfg = Debug|Any CPU
		{62703352-826C-4140-BCED-FCA52B0AC81A}.Debug|x64.Build.0 = Debug|Any CPU
		{62703352-826C-4140-BCED-FCA52B0AC81A}.Debug|x86.ActiveCfg = Debug|Any CPU
		{62703352-826C-4140-BCED-FCA52B0AC81A}.Debug|x86.Build.0 = Debug|Any CPU
		{62703352-826C-4140-BCED-FCA52B0AC81A}.Release|Any CPU.ActiveCfg = Release|Any CPU
		{62703352-826C-4140-BCED-FCA52B0AC81A}.Release|Any CPU.Build.0 = Release|Any CPU
		{62703352-826C-4140-BCED-FCA52B0AC81A}.Release|ARM64.ActiveCfg = Release|Any CPU
		{62703352-826C-4140-BCED-FCA52B0AC81A}.Release|ARM64.Build.0 = Release|Any CPU
		{62703352-826C-4140-BCED-FCA52B0AC81A}.Release|x64.ActiveCfg = Release|Any CPU
		{62703352-826C-4140-BCED-FCA52B0AC81A}.Release|x64.Build.0 = Release|Any CPU
		{62703352-826C-4140-BCED-FCA52B0AC81A}.Release|x86.ActiveCfg = Release|Any CPU
		{62703352-826C-4140-BCED-FCA52B0AC81A}.Release|x86.Build.0 = Release|Any CPU
		{61AA90F5-241B-49E1-A98B-AA4A379F9029}.Debug|Any CPU.ActiveCfg = Debug|Any CPU
		{61AA90F5-241B-49E1-A98B-AA4A379F9029}.Debug|Any CPU.Build.0 = Debug|Any CPU
		{61AA90F5-241B-49E1-A98B-AA4A379F9029}.Debug|ARM64.ActiveCfg = Debug|Any CPU
		{61AA90F5-241B-49E1-A98B-AA4A379F9029}.Debug|ARM64.Build.0 = Debug|Any CPU
		{61AA90F5-241B-49E1-A98B-AA4A379F9029}.Debug|x64.ActiveCfg = Debug|Any CPU
		{61AA90F5-241B-49E1-A98B-AA4A379F9029}.Debug|x64.Build.0 = Debug|Any CPU
		{61AA90F5-241B-49E1-A98B-AA4A379F9029}.Debug|x86.ActiveCfg = Debug|Any CPU
		{61AA90F5-241B-49E1-A98B-AA4A379F9029}.Debug|x86.Build.0 = Debug|Any CPU
		{61AA90F5-241B-49E1-A98B-AA4A379F9029}.Release|Any CPU.ActiveCfg = Release|Any CPU
		{61AA90F5-241B-49E1-A98B-AA4A379F9029}.Release|Any CPU.Build.0 = Release|Any CPU
		{61AA90F5-241B-49E1-A98B-AA4A379F9029}.Release|ARM64.ActiveCfg = Release|Any CPU
		{61AA90F5-241B-49E1-A98B-AA4A379F9029}.Release|ARM64.Build.0 = Release|Any CPU
		{61AA90F5-241B-49E1-A98B-AA4A379F9029}.Release|x64.ActiveCfg = Release|Any CPU
		{61AA90F5-241B-49E1-A98B-AA4A379F9029}.Release|x64.Build.0 = Release|Any CPU
		{61AA90F5-241B-49E1-A98B-AA4A379F9029}.Release|x86.ActiveCfg = Release|Any CPU
		{61AA90F5-241B-49E1-A98B-AA4A379F9029}.Release|x86.Build.0 = Release|Any CPU
		{6DA7608E-A89B-46E2-B6CF-197762922B25}.Debug|Any CPU.ActiveCfg = Debug|Any CPU
		{6DA7608E-A89B-46E2-B6CF-197762922B25}.Debug|Any CPU.Build.0 = Debug|Any CPU
		{6DA7608E-A89B-46E2-B6CF-197762922B25}.Debug|ARM64.ActiveCfg = Debug|Any CPU
		{6DA7608E-A89B-46E2-B6CF-197762922B25}.Debug|ARM64.Build.0 = Debug|Any CPU
		{6DA7608E-A89B-46E2-B6CF-197762922B25}.Debug|x64.ActiveCfg = Debug|Any CPU
		{6DA7608E-A89B-46E2-B6CF-197762922B25}.Debug|x64.Build.0 = Debug|Any CPU
		{6DA7608E-A89B-46E2-B6CF-197762922B25}.Debug|x86.ActiveCfg = Debug|Any CPU
		{6DA7608E-A89B-46E2-B6CF-197762922B25}.Debug|x86.Build.0 = Debug|Any CPU
		{6DA7608E-A89B-46E2-B6CF-197762922B25}.Release|Any CPU.ActiveCfg = Release|Any CPU
		{6DA7608E-A89B-46E2-B6CF-197762922B25}.Release|Any CPU.Build.0 = Release|Any CPU
		{6DA7608E-A89B-46E2-B6CF-197762922B25}.Release|ARM64.ActiveCfg = Release|Any CPU
		{6DA7608E-A89B-46E2-B6CF-197762922B25}.Release|ARM64.Build.0 = Release|Any CPU
		{6DA7608E-A89B-46E2-B6CF-197762922B25}.Release|x64.ActiveCfg = Release|Any CPU
		{6DA7608E-A89B-46E2-B6CF-197762922B25}.Release|x64.Build.0 = Release|Any CPU
		{6DA7608E-A89B-46E2-B6CF-197762922B25}.Release|x86.ActiveCfg = Release|Any CPU
		{6DA7608E-A89B-46E2-B6CF-197762922B25}.Release|x86.Build.0 = Release|Any CPU
		{623115E6-FAD5-4B4F-B45C-46CA7C112F71}.Debug|Any CPU.ActiveCfg = Debug|Any CPU
		{623115E6-FAD5-4B4F-B45C-46CA7C112F71}.Debug|Any CPU.Build.0 = Debug|Any CPU
		{623115E6-FAD5-4B4F-B45C-46CA7C112F71}.Debug|ARM64.ActiveCfg = Debug|Any CPU
		{623115E6-FAD5-4B4F-B45C-46CA7C112F71}.Debug|ARM64.Build.0 = Debug|Any CPU
		{623115E6-FAD5-4B4F-B45C-46CA7C112F71}.Debug|x64.ActiveCfg = Debug|Any CPU
		{623115E6-FAD5-4B4F-B45C-46CA7C112F71}.Debug|x64.Build.0 = Debug|Any CPU
		{623115E6-FAD5-4B4F-B45C-46CA7C112F71}.Debug|x86.ActiveCfg = Debug|Any CPU
		{623115E6-FAD5-4B4F-B45C-46CA7C112F71}.Debug|x86.Build.0 = Debug|Any CPU
		{623115E6-FAD5-4B4F-B45C-46CA7C112F71}.Release|Any CPU.ActiveCfg = Release|Any CPU
		{623115E6-FAD5-4B4F-B45C-46CA7C112F71}.Release|Any CPU.Build.0 = Release|Any CPU
		{623115E6-FAD5-4B4F-B45C-46CA7C112F71}.Release|ARM64.ActiveCfg = Release|Any CPU
		{623115E6-FAD5-4B4F-B45C-46CA7C112F71}.Release|ARM64.Build.0 = Release|Any CPU
		{623115E6-FAD5-4B4F-B45C-46CA7C112F71}.Release|x64.ActiveCfg = Release|Any CPU
		{623115E6-FAD5-4B4F-B45C-46CA7C112F71}.Release|x64.Build.0 = Release|Any CPU
		{623115E6-FAD5-4B4F-B45C-46CA7C112F71}.Release|x86.ActiveCfg = Release|Any CPU
		{623115E6-FAD5-4B4F-B45C-46CA7C112F71}.Release|x86.Build.0 = Release|Any CPU
		{125D1921-EDFB-42FA-8726-90C1D882DDFD}.Debug|Any CPU.ActiveCfg = Debug|Any CPU
		{125D1921-EDFB-42FA-8726-90C1D882DDFD}.Debug|Any CPU.Build.0 = Debug|Any CPU
		{125D1921-EDFB-42FA-8726-90C1D882DDFD}.Debug|ARM64.ActiveCfg = Debug|Any CPU
		{125D1921-EDFB-42FA-8726-90C1D882DDFD}.Debug|ARM64.Build.0 = Debug|Any CPU
		{125D1921-EDFB-42FA-8726-90C1D882DDFD}.Debug|x64.ActiveCfg = Debug|Any CPU
		{125D1921-EDFB-42FA-8726-90C1D882DDFD}.Debug|x64.Build.0 = Debug|Any CPU
		{125D1921-EDFB-42FA-8726-90C1D882DDFD}.Debug|x86.ActiveCfg = Debug|Any CPU
		{125D1921-EDFB-42FA-8726-90C1D882DDFD}.Debug|x86.Build.0 = Debug|Any CPU
		{125D1921-EDFB-42FA-8726-90C1D882DDFD}.Release|Any CPU.ActiveCfg = Release|Any CPU
		{125D1921-EDFB-42FA-8726-90C1D882DDFD}.Release|Any CPU.Build.0 = Release|Any CPU
		{125D1921-EDFB-42FA-8726-90C1D882DDFD}.Release|ARM64.ActiveCfg = Release|Any CPU
		{125D1921-EDFB-42FA-8726-90C1D882DDFD}.Release|ARM64.Build.0 = Release|Any CPU
		{125D1921-EDFB-42FA-8726-90C1D882DDFD}.Release|x64.ActiveCfg = Release|Any CPU
		{125D1921-EDFB-42FA-8726-90C1D882DDFD}.Release|x64.Build.0 = Release|Any CPU
		{125D1921-EDFB-42FA-8726-90C1D882DDFD}.Release|x86.ActiveCfg = Release|Any CPU
		{125D1921-EDFB-42FA-8726-90C1D882DDFD}.Release|x86.Build.0 = Release|Any CPU
		{6FD81C52-82E6-4053-8304-FC874A4D3835}.Debug|Any CPU.ActiveCfg = Debug|Any CPU
		{6FD81C52-82E6-4053-8304-FC874A4D3835}.Debug|Any CPU.Build.0 = Debug|Any CPU
		{6FD81C52-82E6-4053-8304-FC874A4D3835}.Debug|ARM64.ActiveCfg = Debug|Any CPU
		{6FD81C52-82E6-4053-8304-FC874A4D3835}.Debug|ARM64.Build.0 = Debug|Any CPU
		{6FD81C52-82E6-4053-8304-FC874A4D3835}.Debug|x64.ActiveCfg = Debug|Any CPU
		{6FD81C52-82E6-4053-8304-FC874A4D3835}.Debug|x64.Build.0 = Debug|Any CPU
		{6FD81C52-82E6-4053-8304-FC874A4D3835}.Debug|x86.ActiveCfg = Debug|Any CPU
		{6FD81C52-82E6-4053-8304-FC874A4D3835}.Debug|x86.Build.0 = Debug|Any CPU
		{6FD81C52-82E6-4053-8304-FC874A4D3835}.Release|Any CPU.ActiveCfg = Release|Any CPU
		{6FD81C52-82E6-4053-8304-FC874A4D3835}.Release|Any CPU.Build.0 = Release|Any CPU
		{6FD81C52-82E6-4053-8304-FC874A4D3835}.Release|ARM64.ActiveCfg = Release|Any CPU
		{6FD81C52-82E6-4053-8304-FC874A4D3835}.Release|ARM64.Build.0 = Release|Any CPU
		{6FD81C52-82E6-4053-8304-FC874A4D3835}.Release|x64.ActiveCfg = Release|Any CPU
		{6FD81C52-82E6-4053-8304-FC874A4D3835}.Release|x64.Build.0 = Release|Any CPU
		{6FD81C52-82E6-4053-8304-FC874A4D3835}.Release|x86.ActiveCfg = Release|Any CPU
		{6FD81C52-82E6-4053-8304-FC874A4D3835}.Release|x86.Build.0 = Release|Any CPU
		{F11C4EDC-25CD-4D1A-8EB5-4771B627621F}.Debug|Any CPU.ActiveCfg = Debug|Any CPU
		{F11C4EDC-25CD-4D1A-8EB5-4771B627621F}.Debug|Any CPU.Build.0 = Debug|Any CPU
		{F11C4EDC-25CD-4D1A-8EB5-4771B627621F}.Debug|ARM64.ActiveCfg = Debug|Any CPU
		{F11C4EDC-25CD-4D1A-8EB5-4771B627621F}.Debug|ARM64.Build.0 = Debug|Any CPU
		{F11C4EDC-25CD-4D1A-8EB5-4771B627621F}.Debug|x64.ActiveCfg = Debug|Any CPU
		{F11C4EDC-25CD-4D1A-8EB5-4771B627621F}.Debug|x64.Build.0 = Debug|Any CPU
		{F11C4EDC-25CD-4D1A-8EB5-4771B627621F}.Debug|x86.ActiveCfg = Debug|Any CPU
		{F11C4EDC-25CD-4D1A-8EB5-4771B627621F}.Debug|x86.Build.0 = Debug|Any CPU
		{F11C4EDC-25CD-4D1A-8EB5-4771B627621F}.Release|Any CPU.ActiveCfg = Release|Any CPU
		{F11C4EDC-25CD-4D1A-8EB5-4771B627621F}.Release|Any CPU.Build.0 = Release|Any CPU
		{F11C4EDC-25CD-4D1A-8EB5-4771B627621F}.Release|ARM64.ActiveCfg = Release|Any CPU
		{F11C4EDC-25CD-4D1A-8EB5-4771B627621F}.Release|ARM64.Build.0 = Release|Any CPU
		{F11C4EDC-25CD-4D1A-8EB5-4771B627621F}.Release|x64.ActiveCfg = Release|Any CPU
		{F11C4EDC-25CD-4D1A-8EB5-4771B627621F}.Release|x64.Build.0 = Release|Any CPU
		{F11C4EDC-25CD-4D1A-8EB5-4771B627621F}.Release|x86.ActiveCfg = Release|Any CPU
		{F11C4EDC-25CD-4D1A-8EB5-4771B627621F}.Release|x86.Build.0 = Release|Any CPU
		{101DC30D-CC4D-4EE8-B05A-B0213D4EAEF7}.Debug|Any CPU.ActiveCfg = Debug|Any CPU
		{101DC30D-CC4D-4EE8-B05A-B0213D4EAEF7}.Debug|Any CPU.Build.0 = Debug|Any CPU
		{101DC30D-CC4D-4EE8-B05A-B0213D4EAEF7}.Debug|ARM64.ActiveCfg = Debug|Any CPU
		{101DC30D-CC4D-4EE8-B05A-B0213D4EAEF7}.Debug|ARM64.Build.0 = Debug|Any CPU
		{101DC30D-CC4D-4EE8-B05A-B0213D4EAEF7}.Debug|x64.ActiveCfg = Debug|Any CPU
		{101DC30D-CC4D-4EE8-B05A-B0213D4EAEF7}.Debug|x64.Build.0 = Debug|Any CPU
		{101DC30D-CC4D-4EE8-B05A-B0213D4EAEF7}.Debug|x86.ActiveCfg = Debug|Any CPU
		{101DC30D-CC4D-4EE8-B05A-B0213D4EAEF7}.Debug|x86.Build.0 = Debug|Any CPU
		{101DC30D-CC4D-4EE8-B05A-B0213D4EAEF7}.Release|Any CPU.ActiveCfg = Release|Any CPU
		{101DC30D-CC4D-4EE8-B05A-B0213D4EAEF7}.Release|Any CPU.Build.0 = Release|Any CPU
		{101DC30D-CC4D-4EE8-B05A-B0213D4EAEF7}.Release|ARM64.ActiveCfg = Release|Any CPU
		{101DC30D-CC4D-4EE8-B05A-B0213D4EAEF7}.Release|ARM64.Build.0 = Release|Any CPU
		{101DC30D-CC4D-4EE8-B05A-B0213D4EAEF7}.Release|x64.ActiveCfg = Release|Any CPU
		{101DC30D-CC4D-4EE8-B05A-B0213D4EAEF7}.Release|x64.Build.0 = Release|Any CPU
		{101DC30D-CC4D-4EE8-B05A-B0213D4EAEF7}.Release|x86.ActiveCfg = Release|Any CPU
		{101DC30D-CC4D-4EE8-B05A-B0213D4EAEF7}.Release|x86.Build.0 = Release|Any CPU
		{98FFE54C-D0EF-4233-ABA1-A227516EC805}.Debug|Any CPU.ActiveCfg = Debug|Any CPU
		{98FFE54C-D0EF-4233-ABA1-A227516EC805}.Debug|Any CPU.Build.0 = Debug|Any CPU
		{98FFE54C-D0EF-4233-ABA1-A227516EC805}.Debug|ARM64.ActiveCfg = Debug|Any CPU
		{98FFE54C-D0EF-4233-ABA1-A227516EC805}.Debug|ARM64.Build.0 = Debug|Any CPU
		{98FFE54C-D0EF-4233-ABA1-A227516EC805}.Debug|x64.ActiveCfg = Debug|Any CPU
		{98FFE54C-D0EF-4233-ABA1-A227516EC805}.Debug|x64.Build.0 = Debug|Any CPU
		{98FFE54C-D0EF-4233-ABA1-A227516EC805}.Debug|x86.ActiveCfg = Debug|Any CPU
		{98FFE54C-D0EF-4233-ABA1-A227516EC805}.Debug|x86.Build.0 = Debug|Any CPU
		{98FFE54C-D0EF-4233-ABA1-A227516EC805}.Release|Any CPU.ActiveCfg = Release|Any CPU
		{98FFE54C-D0EF-4233-ABA1-A227516EC805}.Release|Any CPU.Build.0 = Release|Any CPU
		{98FFE54C-D0EF-4233-ABA1-A227516EC805}.Release|ARM64.ActiveCfg = Release|Any CPU
		{98FFE54C-D0EF-4233-ABA1-A227516EC805}.Release|ARM64.Build.0 = Release|Any CPU
		{98FFE54C-D0EF-4233-ABA1-A227516EC805}.Release|x64.ActiveCfg = Release|Any CPU
		{98FFE54C-D0EF-4233-ABA1-A227516EC805}.Release|x64.Build.0 = Release|Any CPU
		{98FFE54C-D0EF-4233-ABA1-A227516EC805}.Release|x86.ActiveCfg = Release|Any CPU
		{98FFE54C-D0EF-4233-ABA1-A227516EC805}.Release|x86.Build.0 = Release|Any CPU
		{2862433A-F0F4-4049-9E92-AAB61194D2EE}.Debug|Any CPU.ActiveCfg = Debug|Any CPU
		{2862433A-F0F4-4049-9E92-AAB61194D2EE}.Debug|Any CPU.Build.0 = Debug|Any CPU
		{2862433A-F0F4-4049-9E92-AAB61194D2EE}.Debug|ARM64.ActiveCfg = Debug|Any CPU
		{2862433A-F0F4-4049-9E92-AAB61194D2EE}.Debug|ARM64.Build.0 = Debug|Any CPU
		{2862433A-F0F4-4049-9E92-AAB61194D2EE}.Debug|x64.ActiveCfg = Debug|Any CPU
		{2862433A-F0F4-4049-9E92-AAB61194D2EE}.Debug|x64.Build.0 = Debug|Any CPU
		{2862433A-F0F4-4049-9E92-AAB61194D2EE}.Debug|x86.ActiveCfg = Debug|Any CPU
		{2862433A-F0F4-4049-9E92-AAB61194D2EE}.Debug|x86.Build.0 = Debug|Any CPU
		{2862433A-F0F4-4049-9E92-AAB61194D2EE}.Release|Any CPU.ActiveCfg = Release|Any CPU
		{2862433A-F0F4-4049-9E92-AAB61194D2EE}.Release|Any CPU.Build.0 = Release|Any CPU
		{2862433A-F0F4-4049-9E92-AAB61194D2EE}.Release|ARM64.ActiveCfg = Release|Any CPU
		{2862433A-F0F4-4049-9E92-AAB61194D2EE}.Release|ARM64.Build.0 = Release|Any CPU
		{2862433A-F0F4-4049-9E92-AAB61194D2EE}.Release|x64.ActiveCfg = Release|Any CPU
		{2862433A-F0F4-4049-9E92-AAB61194D2EE}.Release|x64.Build.0 = Release|Any CPU
		{2862433A-F0F4-4049-9E92-AAB61194D2EE}.Release|x86.ActiveCfg = Release|Any CPU
		{2862433A-F0F4-4049-9E92-AAB61194D2EE}.Release|x86.Build.0 = Release|Any CPU
		{B212E8E9-56A9-444D-9A6C-B6D2361E2631}.Debug|Any CPU.ActiveCfg = Debug|Any CPU
		{B212E8E9-56A9-444D-9A6C-B6D2361E2631}.Debug|Any CPU.Build.0 = Debug|Any CPU
		{B212E8E9-56A9-444D-9A6C-B6D2361E2631}.Debug|ARM64.ActiveCfg = Debug|Any CPU
		{B212E8E9-56A9-444D-9A6C-B6D2361E2631}.Debug|ARM64.Build.0 = Debug|Any CPU
		{B212E8E9-56A9-444D-9A6C-B6D2361E2631}.Debug|x64.ActiveCfg = Debug|Any CPU
		{B212E8E9-56A9-444D-9A6C-B6D2361E2631}.Debug|x64.Build.0 = Debug|Any CPU
		{B212E8E9-56A9-444D-9A6C-B6D2361E2631}.Debug|x86.ActiveCfg = Debug|Any CPU
		{B212E8E9-56A9-444D-9A6C-B6D2361E2631}.Debug|x86.Build.0 = Debug|Any CPU
		{B212E8E9-56A9-444D-9A6C-B6D2361E2631}.Release|Any CPU.ActiveCfg = Release|Any CPU
		{B212E8E9-56A9-444D-9A6C-B6D2361E2631}.Release|Any CPU.Build.0 = Release|Any CPU
		{B212E8E9-56A9-444D-9A6C-B6D2361E2631}.Release|ARM64.ActiveCfg = Release|Any CPU
		{B212E8E9-56A9-444D-9A6C-B6D2361E2631}.Release|ARM64.Build.0 = Release|Any CPU
		{B212E8E9-56A9-444D-9A6C-B6D2361E2631}.Release|x64.ActiveCfg = Release|Any CPU
		{B212E8E9-56A9-444D-9A6C-B6D2361E2631}.Release|x64.Build.0 = Release|Any CPU
		{B212E8E9-56A9-444D-9A6C-B6D2361E2631}.Release|x86.ActiveCfg = Release|Any CPU
		{B212E8E9-56A9-444D-9A6C-B6D2361E2631}.Release|x86.Build.0 = Release|Any CPU
		{2A7EC4BE-2A00-47A6-A548-2B2804A48104}.Debug|Any CPU.ActiveCfg = Debug|Any CPU
		{2A7EC4BE-2A00-47A6-A548-2B2804A48104}.Debug|Any CPU.Build.0 = Debug|Any CPU
		{2A7EC4BE-2A00-47A6-A548-2B2804A48104}.Debug|ARM64.ActiveCfg = Debug|Any CPU
		{2A7EC4BE-2A00-47A6-A548-2B2804A48104}.Debug|ARM64.Build.0 = Debug|Any CPU
		{2A7EC4BE-2A00-47A6-A548-2B2804A48104}.Debug|x64.ActiveCfg = Debug|Any CPU
		{2A7EC4BE-2A00-47A6-A548-2B2804A48104}.Debug|x64.Build.0 = Debug|Any CPU
		{2A7EC4BE-2A00-47A6-A548-2B2804A48104}.Debug|x86.ActiveCfg = Debug|Any CPU
		{2A7EC4BE-2A00-47A6-A548-2B2804A48104}.Debug|x86.Build.0 = Debug|Any CPU
		{2A7EC4BE-2A00-47A6-A548-2B2804A48104}.Release|Any CPU.ActiveCfg = Release|Any CPU
		{2A7EC4BE-2A00-47A6-A548-2B2804A48104}.Release|Any CPU.Build.0 = Release|Any CPU
		{2A7EC4BE-2A00-47A6-A548-2B2804A48104}.Release|ARM64.ActiveCfg = Release|Any CPU
		{2A7EC4BE-2A00-47A6-A548-2B2804A48104}.Release|ARM64.Build.0 = Release|Any CPU
		{2A7EC4BE-2A00-47A6-A548-2B2804A48104}.Release|x64.ActiveCfg = Release|Any CPU
		{2A7EC4BE-2A00-47A6-A548-2B2804A48104}.Release|x64.Build.0 = Release|Any CPU
		{2A7EC4BE-2A00-47A6-A548-2B2804A48104}.Release|x86.ActiveCfg = Release|Any CPU
		{2A7EC4BE-2A00-47A6-A548-2B2804A48104}.Release|x86.Build.0 = Release|Any CPU
		{B00BB5EE-E903-4D79-BBE3-F66AFF2FE77E}.Debug|Any CPU.ActiveCfg = Debug|Any CPU
		{B00BB5EE-E903-4D79-BBE3-F66AFF2FE77E}.Debug|Any CPU.Build.0 = Debug|Any CPU
		{B00BB5EE-E903-4D79-BBE3-F66AFF2FE77E}.Debug|ARM64.ActiveCfg = Debug|Any CPU
		{B00BB5EE-E903-4D79-BBE3-F66AFF2FE77E}.Debug|ARM64.Build.0 = Debug|Any CPU
		{B00BB5EE-E903-4D79-BBE3-F66AFF2FE77E}.Debug|x64.ActiveCfg = Debug|Any CPU
		{B00BB5EE-E903-4D79-BBE3-F66AFF2FE77E}.Debug|x64.Build.0 = Debug|Any CPU
		{B00BB5EE-E903-4D79-BBE3-F66AFF2FE77E}.Debug|x86.ActiveCfg = Debug|Any CPU
		{B00BB5EE-E903-4D79-BBE3-F66AFF2FE77E}.Debug|x86.Build.0 = Debug|Any CPU
		{B00BB5EE-E903-4D79-BBE3-F66AFF2FE77E}.Release|Any CPU.ActiveCfg = Release|Any CPU
		{B00BB5EE-E903-4D79-BBE3-F66AFF2FE77E}.Release|Any CPU.Build.0 = Release|Any CPU
		{B00BB5EE-E903-4D79-BBE3-F66AFF2FE77E}.Release|ARM64.ActiveCfg = Release|Any CPU
		{B00BB5EE-E903-4D79-BBE3-F66AFF2FE77E}.Release|ARM64.Build.0 = Release|Any CPU
		{B00BB5EE-E903-4D79-BBE3-F66AFF2FE77E}.Release|x64.ActiveCfg = Release|Any CPU
		{B00BB5EE-E903-4D79-BBE3-F66AFF2FE77E}.Release|x64.Build.0 = Release|Any CPU
		{B00BB5EE-E903-4D79-BBE3-F66AFF2FE77E}.Release|x86.ActiveCfg = Release|Any CPU
		{B00BB5EE-E903-4D79-BBE3-F66AFF2FE77E}.Release|x86.Build.0 = Release|Any CPU
		{F79A0F5E-E6DC-4027-A2BB-F18FA4599806}.Debug|Any CPU.ActiveCfg = Debug|Any CPU
		{F79A0F5E-E6DC-4027-A2BB-F18FA4599806}.Debug|Any CPU.Build.0 = Debug|Any CPU
		{F79A0F5E-E6DC-4027-A2BB-F18FA4599806}.Debug|ARM64.ActiveCfg = Debug|Any CPU
		{F79A0F5E-E6DC-4027-A2BB-F18FA4599806}.Debug|ARM64.Build.0 = Debug|Any CPU
		{F79A0F5E-E6DC-4027-A2BB-F18FA4599806}.Debug|x64.ActiveCfg = Debug|Any CPU
		{F79A0F5E-E6DC-4027-A2BB-F18FA4599806}.Debug|x64.Build.0 = Debug|Any CPU
		{F79A0F5E-E6DC-4027-A2BB-F18FA4599806}.Debug|x86.ActiveCfg = Debug|Any CPU
		{F79A0F5E-E6DC-4027-A2BB-F18FA4599806}.Debug|x86.Build.0 = Debug|Any CPU
		{F79A0F5E-E6DC-4027-A2BB-F18FA4599806}.Release|Any CPU.ActiveCfg = Release|Any CPU
		{F79A0F5E-E6DC-4027-A2BB-F18FA4599806}.Release|Any CPU.Build.0 = Release|Any CPU
		{F79A0F5E-E6DC-4027-A2BB-F18FA4599806}.Release|ARM64.ActiveCfg = Release|Any CPU
		{F79A0F5E-E6DC-4027-A2BB-F18FA4599806}.Release|ARM64.Build.0 = Release|Any CPU
		{F79A0F5E-E6DC-4027-A2BB-F18FA4599806}.Release|x64.ActiveCfg = Release|Any CPU
		{F79A0F5E-E6DC-4027-A2BB-F18FA4599806}.Release|x64.Build.0 = Release|Any CPU
		{F79A0F5E-E6DC-4027-A2BB-F18FA4599806}.Release|x86.ActiveCfg = Release|Any CPU
		{F79A0F5E-E6DC-4027-A2BB-F18FA4599806}.Release|x86.Build.0 = Release|Any CPU
		{A6EB576B-0C20-4625-934E-68A502B84BBA}.Debug|Any CPU.ActiveCfg = Debug|Any CPU
		{A6EB576B-0C20-4625-934E-68A502B84BBA}.Debug|Any CPU.Build.0 = Debug|Any CPU
		{A6EB576B-0C20-4625-934E-68A502B84BBA}.Debug|ARM64.ActiveCfg = Debug|Any CPU
		{A6EB576B-0C20-4625-934E-68A502B84BBA}.Debug|ARM64.Build.0 = Debug|Any CPU
		{A6EB576B-0C20-4625-934E-68A502B84BBA}.Debug|x64.ActiveCfg = Debug|Any CPU
		{A6EB576B-0C20-4625-934E-68A502B84BBA}.Debug|x64.Build.0 = Debug|Any CPU
		{A6EB576B-0C20-4625-934E-68A502B84BBA}.Debug|x86.ActiveCfg = Debug|Any CPU
		{A6EB576B-0C20-4625-934E-68A502B84BBA}.Debug|x86.Build.0 = Debug|Any CPU
		{A6EB576B-0C20-4625-934E-68A502B84BBA}.Release|Any CPU.ActiveCfg = Release|Any CPU
		{A6EB576B-0C20-4625-934E-68A502B84BBA}.Release|Any CPU.Build.0 = Release|Any CPU
		{A6EB576B-0C20-4625-934E-68A502B84BBA}.Release|ARM64.ActiveCfg = Release|Any CPU
		{A6EB576B-0C20-4625-934E-68A502B84BBA}.Release|ARM64.Build.0 = Release|Any CPU
		{A6EB576B-0C20-4625-934E-68A502B84BBA}.Release|x64.ActiveCfg = Release|Any CPU
		{A6EB576B-0C20-4625-934E-68A502B84BBA}.Release|x64.Build.0 = Release|Any CPU
		{A6EB576B-0C20-4625-934E-68A502B84BBA}.Release|x86.ActiveCfg = Release|Any CPU
		{A6EB576B-0C20-4625-934E-68A502B84BBA}.Release|x86.Build.0 = Release|Any CPU
		{79AEFEFF-B885-450D-B4A7-A8CBD8DB4E44}.Debug|Any CPU.ActiveCfg = Debug|Any CPU
		{79AEFEFF-B885-450D-B4A7-A8CBD8DB4E44}.Debug|Any CPU.Build.0 = Debug|Any CPU
		{79AEFEFF-B885-450D-B4A7-A8CBD8DB4E44}.Debug|ARM64.ActiveCfg = Debug|Any CPU
		{79AEFEFF-B885-450D-B4A7-A8CBD8DB4E44}.Debug|ARM64.Build.0 = Debug|Any CPU
		{79AEFEFF-B885-450D-B4A7-A8CBD8DB4E44}.Debug|x64.ActiveCfg = Debug|Any CPU
		{79AEFEFF-B885-450D-B4A7-A8CBD8DB4E44}.Debug|x64.Build.0 = Debug|Any CPU
		{79AEFEFF-B885-450D-B4A7-A8CBD8DB4E44}.Debug|x86.ActiveCfg = Debug|Any CPU
		{79AEFEFF-B885-450D-B4A7-A8CBD8DB4E44}.Debug|x86.Build.0 = Debug|Any CPU
		{79AEFEFF-B885-450D-B4A7-A8CBD8DB4E44}.Release|Any CPU.ActiveCfg = Release|Any CPU
		{79AEFEFF-B885-450D-B4A7-A8CBD8DB4E44}.Release|Any CPU.Build.0 = Release|Any CPU
		{79AEFEFF-B885-450D-B4A7-A8CBD8DB4E44}.Release|ARM64.ActiveCfg = Release|Any CPU
		{79AEFEFF-B885-450D-B4A7-A8CBD8DB4E44}.Release|ARM64.Build.0 = Release|Any CPU
		{79AEFEFF-B885-450D-B4A7-A8CBD8DB4E44}.Release|x64.ActiveCfg = Release|Any CPU
		{79AEFEFF-B885-450D-B4A7-A8CBD8DB4E44}.Release|x64.Build.0 = Release|Any CPU
		{79AEFEFF-B885-450D-B4A7-A8CBD8DB4E44}.Release|x86.ActiveCfg = Release|Any CPU
		{79AEFEFF-B885-450D-B4A7-A8CBD8DB4E44}.Release|x86.Build.0 = Release|Any CPU
		{D3384F21-6C49-4EC0-95E4-916E26772F60}.Debug|Any CPU.ActiveCfg = Debug|Any CPU
		{D3384F21-6C49-4EC0-95E4-916E26772F60}.Debug|Any CPU.Build.0 = Debug|Any CPU
		{D3384F21-6C49-4EC0-95E4-916E26772F60}.Debug|ARM64.ActiveCfg = Debug|Any CPU
		{D3384F21-6C49-4EC0-95E4-916E26772F60}.Debug|ARM64.Build.0 = Debug|Any CPU
		{D3384F21-6C49-4EC0-95E4-916E26772F60}.Debug|x64.ActiveCfg = Debug|Any CPU
		{D3384F21-6C49-4EC0-95E4-916E26772F60}.Debug|x64.Build.0 = Debug|Any CPU
		{D3384F21-6C49-4EC0-95E4-916E26772F60}.Debug|x86.ActiveCfg = Debug|Any CPU
		{D3384F21-6C49-4EC0-95E4-916E26772F60}.Debug|x86.Build.0 = Debug|Any CPU
		{D3384F21-6C49-4EC0-95E4-916E26772F60}.Release|Any CPU.ActiveCfg = Release|Any CPU
		{D3384F21-6C49-4EC0-95E4-916E26772F60}.Release|Any CPU.Build.0 = Release|Any CPU
		{D3384F21-6C49-4EC0-95E4-916E26772F60}.Release|ARM64.ActiveCfg = Release|Any CPU
		{D3384F21-6C49-4EC0-95E4-916E26772F60}.Release|ARM64.Build.0 = Release|Any CPU
		{D3384F21-6C49-4EC0-95E4-916E26772F60}.Release|x64.ActiveCfg = Release|Any CPU
		{D3384F21-6C49-4EC0-95E4-916E26772F60}.Release|x64.Build.0 = Release|Any CPU
		{D3384F21-6C49-4EC0-95E4-916E26772F60}.Release|x86.ActiveCfg = Release|Any CPU
		{D3384F21-6C49-4EC0-95E4-916E26772F60}.Release|x86.Build.0 = Release|Any CPU
		{59D68395-E126-4223-86DB-5AAE90A518D3}.Debug|Any CPU.ActiveCfg = Debug|Any CPU
		{59D68395-E126-4223-86DB-5AAE90A518D3}.Debug|Any CPU.Build.0 = Debug|Any CPU
		{59D68395-E126-4223-86DB-5AAE90A518D3}.Debug|ARM64.ActiveCfg = Debug|Any CPU
		{59D68395-E126-4223-86DB-5AAE90A518D3}.Debug|ARM64.Build.0 = Debug|Any CPU
		{59D68395-E126-4223-86DB-5AAE90A518D3}.Debug|x64.ActiveCfg = Debug|Any CPU
		{59D68395-E126-4223-86DB-5AAE90A518D3}.Debug|x64.Build.0 = Debug|Any CPU
		{59D68395-E126-4223-86DB-5AAE90A518D3}.Debug|x86.ActiveCfg = Debug|Any CPU
		{59D68395-E126-4223-86DB-5AAE90A518D3}.Debug|x86.Build.0 = Debug|Any CPU
		{59D68395-E126-4223-86DB-5AAE90A518D3}.Release|Any CPU.ActiveCfg = Release|Any CPU
		{59D68395-E126-4223-86DB-5AAE90A518D3}.Release|Any CPU.Build.0 = Release|Any CPU
		{59D68395-E126-4223-86DB-5AAE90A518D3}.Release|ARM64.ActiveCfg = Release|Any CPU
		{59D68395-E126-4223-86DB-5AAE90A518D3}.Release|ARM64.Build.0 = Release|Any CPU
		{59D68395-E126-4223-86DB-5AAE90A518D3}.Release|x64.ActiveCfg = Release|Any CPU
		{59D68395-E126-4223-86DB-5AAE90A518D3}.Release|x64.Build.0 = Release|Any CPU
		{59D68395-E126-4223-86DB-5AAE90A518D3}.Release|x86.ActiveCfg = Release|Any CPU
		{59D68395-E126-4223-86DB-5AAE90A518D3}.Release|x86.Build.0 = Release|Any CPU
		{BAF51868-2C4F-4741-8867-A5858406D69E}.Debug|Any CPU.ActiveCfg = Debug|Any CPU
		{BAF51868-2C4F-4741-8867-A5858406D69E}.Debug|Any CPU.Build.0 = Debug|Any CPU
		{BAF51868-2C4F-4741-8867-A5858406D69E}.Debug|ARM64.ActiveCfg = Debug|Any CPU
		{BAF51868-2C4F-4741-8867-A5858406D69E}.Debug|ARM64.Build.0 = Debug|Any CPU
		{BAF51868-2C4F-4741-8867-A5858406D69E}.Debug|x64.ActiveCfg = Debug|Any CPU
		{BAF51868-2C4F-4741-8867-A5858406D69E}.Debug|x64.Build.0 = Debug|Any CPU
		{BAF51868-2C4F-4741-8867-A5858406D69E}.Debug|x86.ActiveCfg = Debug|Any CPU
		{BAF51868-2C4F-4741-8867-A5858406D69E}.Debug|x86.Build.0 = Debug|Any CPU
		{BAF51868-2C4F-4741-8867-A5858406D69E}.Release|Any CPU.ActiveCfg = Release|Any CPU
		{BAF51868-2C4F-4741-8867-A5858406D69E}.Release|Any CPU.Build.0 = Release|Any CPU
		{BAF51868-2C4F-4741-8867-A5858406D69E}.Release|ARM64.ActiveCfg = Release|Any CPU
		{BAF51868-2C4F-4741-8867-A5858406D69E}.Release|ARM64.Build.0 = Release|Any CPU
		{BAF51868-2C4F-4741-8867-A5858406D69E}.Release|x64.ActiveCfg = Release|Any CPU
		{BAF51868-2C4F-4741-8867-A5858406D69E}.Release|x64.Build.0 = Release|Any CPU
		{BAF51868-2C4F-4741-8867-A5858406D69E}.Release|x86.ActiveCfg = Release|Any CPU
		{BAF51868-2C4F-4741-8867-A5858406D69E}.Release|x86.Build.0 = Release|Any CPU
		{14DCFF0C-2A47-453F-BE54-02F7C624BE13}.Debug|Any CPU.ActiveCfg = Debug|Any CPU
		{14DCFF0C-2A47-453F-BE54-02F7C624BE13}.Debug|Any CPU.Build.0 = Debug|Any CPU
		{14DCFF0C-2A47-453F-BE54-02F7C624BE13}.Debug|ARM64.ActiveCfg = Debug|Any CPU
		{14DCFF0C-2A47-453F-BE54-02F7C624BE13}.Debug|ARM64.Build.0 = Debug|Any CPU
		{14DCFF0C-2A47-453F-BE54-02F7C624BE13}.Debug|x64.ActiveCfg = Debug|Any CPU
		{14DCFF0C-2A47-453F-BE54-02F7C624BE13}.Debug|x64.Build.0 = Debug|Any CPU
		{14DCFF0C-2A47-453F-BE54-02F7C624BE13}.Debug|x86.ActiveCfg = Debug|Any CPU
		{14DCFF0C-2A47-453F-BE54-02F7C624BE13}.Debug|x86.Build.0 = Debug|Any CPU
		{14DCFF0C-2A47-453F-BE54-02F7C624BE13}.Release|Any CPU.ActiveCfg = Release|Any CPU
		{14DCFF0C-2A47-453F-BE54-02F7C624BE13}.Release|Any CPU.Build.0 = Release|Any CPU
		{14DCFF0C-2A47-453F-BE54-02F7C624BE13}.Release|ARM64.ActiveCfg = Release|Any CPU
		{14DCFF0C-2A47-453F-BE54-02F7C624BE13}.Release|ARM64.Build.0 = Release|Any CPU
		{14DCFF0C-2A47-453F-BE54-02F7C624BE13}.Release|x64.ActiveCfg = Release|Any CPU
		{14DCFF0C-2A47-453F-BE54-02F7C624BE13}.Release|x64.Build.0 = Release|Any CPU
		{14DCFF0C-2A47-453F-BE54-02F7C624BE13}.Release|x86.ActiveCfg = Release|Any CPU
		{14DCFF0C-2A47-453F-BE54-02F7C624BE13}.Release|x86.Build.0 = Release|Any CPU
		{AC4B1745-6839-4775-82D9-E0549EA21A34}.Debug|Any CPU.ActiveCfg = Debug|Any CPU
		{AC4B1745-6839-4775-82D9-E0549EA21A34}.Debug|Any CPU.Build.0 = Debug|Any CPU
		{AC4B1745-6839-4775-82D9-E0549EA21A34}.Debug|ARM64.ActiveCfg = Debug|Any CPU
		{AC4B1745-6839-4775-82D9-E0549EA21A34}.Debug|ARM64.Build.0 = Debug|Any CPU
		{AC4B1745-6839-4775-82D9-E0549EA21A34}.Debug|x64.ActiveCfg = Debug|Any CPU
		{AC4B1745-6839-4775-82D9-E0549EA21A34}.Debug|x64.Build.0 = Debug|Any CPU
		{AC4B1745-6839-4775-82D9-E0549EA21A34}.Debug|x86.ActiveCfg = Debug|Any CPU
		{AC4B1745-6839-4775-82D9-E0549EA21A34}.Debug|x86.Build.0 = Debug|Any CPU
		{AC4B1745-6839-4775-82D9-E0549EA21A34}.Release|Any CPU.ActiveCfg = Release|Any CPU
		{AC4B1745-6839-4775-82D9-E0549EA21A34}.Release|Any CPU.Build.0 = Release|Any CPU
		{AC4B1745-6839-4775-82D9-E0549EA21A34}.Release|ARM64.ActiveCfg = Release|Any CPU
		{AC4B1745-6839-4775-82D9-E0549EA21A34}.Release|ARM64.Build.0 = Release|Any CPU
		{AC4B1745-6839-4775-82D9-E0549EA21A34}.Release|x64.ActiveCfg = Release|Any CPU
		{AC4B1745-6839-4775-82D9-E0549EA21A34}.Release|x64.Build.0 = Release|Any CPU
		{AC4B1745-6839-4775-82D9-E0549EA21A34}.Release|x86.ActiveCfg = Release|Any CPU
		{AC4B1745-6839-4775-82D9-E0549EA21A34}.Release|x86.Build.0 = Release|Any CPU
		{44EEB90D-1612-413F-9471-018F9313549F}.Debug|Any CPU.ActiveCfg = Debug|Any CPU
		{44EEB90D-1612-413F-9471-018F9313549F}.Debug|Any CPU.Build.0 = Debug|Any CPU
		{44EEB90D-1612-413F-9471-018F9313549F}.Debug|ARM64.ActiveCfg = Debug|Any CPU
		{44EEB90D-1612-413F-9471-018F9313549F}.Debug|ARM64.Build.0 = Debug|Any CPU
		{44EEB90D-1612-413F-9471-018F9313549F}.Debug|x64.ActiveCfg = Debug|Any CPU
		{44EEB90D-1612-413F-9471-018F9313549F}.Debug|x64.Build.0 = Debug|Any CPU
		{44EEB90D-1612-413F-9471-018F9313549F}.Debug|x86.ActiveCfg = Debug|Any CPU
		{44EEB90D-1612-413F-9471-018F9313549F}.Debug|x86.Build.0 = Debug|Any CPU
		{44EEB90D-1612-413F-9471-018F9313549F}.Release|Any CPU.ActiveCfg = Release|Any CPU
		{44EEB90D-1612-413F-9471-018F9313549F}.Release|Any CPU.Build.0 = Release|Any CPU
		{44EEB90D-1612-413F-9471-018F9313549F}.Release|ARM64.ActiveCfg = Release|Any CPU
		{44EEB90D-1612-413F-9471-018F9313549F}.Release|ARM64.Build.0 = Release|Any CPU
		{44EEB90D-1612-413F-9471-018F9313549F}.Release|x64.ActiveCfg = Release|Any CPU
		{44EEB90D-1612-413F-9471-018F9313549F}.Release|x64.Build.0 = Release|Any CPU
		{44EEB90D-1612-413F-9471-018F9313549F}.Release|x86.ActiveCfg = Release|Any CPU
		{44EEB90D-1612-413F-9471-018F9313549F}.Release|x86.Build.0 = Release|Any CPU
		{F4A07A5C-30E8-4A8E-82AD-F68878012C04}.Debug|Any CPU.ActiveCfg = Debug|Any CPU
		{F4A07A5C-30E8-4A8E-82AD-F68878012C04}.Debug|Any CPU.Build.0 = Debug|Any CPU
		{F4A07A5C-30E8-4A8E-82AD-F68878012C04}.Debug|ARM64.ActiveCfg = Debug|Any CPU
		{F4A07A5C-30E8-4A8E-82AD-F68878012C04}.Debug|ARM64.Build.0 = Debug|Any CPU
		{F4A07A5C-30E8-4A8E-82AD-F68878012C04}.Debug|x64.ActiveCfg = Debug|Any CPU
		{F4A07A5C-30E8-4A8E-82AD-F68878012C04}.Debug|x64.Build.0 = Debug|Any CPU
		{F4A07A5C-30E8-4A8E-82AD-F68878012C04}.Debug|x86.ActiveCfg = Debug|Any CPU
		{F4A07A5C-30E8-4A8E-82AD-F68878012C04}.Debug|x86.Build.0 = Debug|Any CPU
		{F4A07A5C-30E8-4A8E-82AD-F68878012C04}.Release|Any CPU.ActiveCfg = Release|Any CPU
		{F4A07A5C-30E8-4A8E-82AD-F68878012C04}.Release|Any CPU.Build.0 = Release|Any CPU
		{F4A07A5C-30E8-4A8E-82AD-F68878012C04}.Release|ARM64.ActiveCfg = Release|Any CPU
		{F4A07A5C-30E8-4A8E-82AD-F68878012C04}.Release|ARM64.Build.0 = Release|Any CPU
		{F4A07A5C-30E8-4A8E-82AD-F68878012C04}.Release|x64.ActiveCfg = Release|Any CPU
		{F4A07A5C-30E8-4A8E-82AD-F68878012C04}.Release|x64.Build.0 = Release|Any CPU
		{F4A07A5C-30E8-4A8E-82AD-F68878012C04}.Release|x86.ActiveCfg = Release|Any CPU
		{F4A07A5C-30E8-4A8E-82AD-F68878012C04}.Release|x86.Build.0 = Release|Any CPU
		{80145B52-6A15-4366-BE09-F66DED3982B7}.Debug|Any CPU.ActiveCfg = Debug|Any CPU
		{80145B52-6A15-4366-BE09-F66DED3982B7}.Debug|Any CPU.Build.0 = Debug|Any CPU
		{80145B52-6A15-4366-BE09-F66DED3982B7}.Debug|ARM64.ActiveCfg = Debug|Any CPU
		{80145B52-6A15-4366-BE09-F66DED3982B7}.Debug|ARM64.Build.0 = Debug|Any CPU
		{80145B52-6A15-4366-BE09-F66DED3982B7}.Debug|x64.ActiveCfg = Debug|Any CPU
		{80145B52-6A15-4366-BE09-F66DED3982B7}.Debug|x64.Build.0 = Debug|Any CPU
		{80145B52-6A15-4366-BE09-F66DED3982B7}.Debug|x86.ActiveCfg = Debug|Any CPU
		{80145B52-6A15-4366-BE09-F66DED3982B7}.Debug|x86.Build.0 = Debug|Any CPU
		{80145B52-6A15-4366-BE09-F66DED3982B7}.Release|Any CPU.ActiveCfg = Release|Any CPU
		{80145B52-6A15-4366-BE09-F66DED3982B7}.Release|Any CPU.Build.0 = Release|Any CPU
		{80145B52-6A15-4366-BE09-F66DED3982B7}.Release|ARM64.ActiveCfg = Release|Any CPU
		{80145B52-6A15-4366-BE09-F66DED3982B7}.Release|ARM64.Build.0 = Release|Any CPU
		{80145B52-6A15-4366-BE09-F66DED3982B7}.Release|x64.ActiveCfg = Release|Any CPU
		{80145B52-6A15-4366-BE09-F66DED3982B7}.Release|x64.Build.0 = Release|Any CPU
		{80145B52-6A15-4366-BE09-F66DED3982B7}.Release|x86.ActiveCfg = Release|Any CPU
		{80145B52-6A15-4366-BE09-F66DED3982B7}.Release|x86.Build.0 = Release|Any CPU
		{3F911CD9-4F55-430B-A4FA-FCF6E4BDBDB9}.Debug|Any CPU.ActiveCfg = Debug|Any CPU
		{3F911CD9-4F55-430B-A4FA-FCF6E4BDBDB9}.Debug|Any CPU.Build.0 = Debug|Any CPU
		{3F911CD9-4F55-430B-A4FA-FCF6E4BDBDB9}.Debug|ARM64.ActiveCfg = Debug|Any CPU
		{3F911CD9-4F55-430B-A4FA-FCF6E4BDBDB9}.Debug|ARM64.Build.0 = Debug|Any CPU
		{3F911CD9-4F55-430B-A4FA-FCF6E4BDBDB9}.Debug|x64.ActiveCfg = Debug|Any CPU
		{3F911CD9-4F55-430B-A4FA-FCF6E4BDBDB9}.Debug|x64.Build.0 = Debug|Any CPU
		{3F911CD9-4F55-430B-A4FA-FCF6E4BDBDB9}.Debug|x86.ActiveCfg = Debug|Any CPU
		{3F911CD9-4F55-430B-A4FA-FCF6E4BDBDB9}.Debug|x86.Build.0 = Debug|Any CPU
		{3F911CD9-4F55-430B-A4FA-FCF6E4BDBDB9}.Release|Any CPU.ActiveCfg = Release|Any CPU
		{3F911CD9-4F55-430B-A4FA-FCF6E4BDBDB9}.Release|Any CPU.Build.0 = Release|Any CPU
		{3F911CD9-4F55-430B-A4FA-FCF6E4BDBDB9}.Release|ARM64.ActiveCfg = Release|Any CPU
		{3F911CD9-4F55-430B-A4FA-FCF6E4BDBDB9}.Release|ARM64.Build.0 = Release|Any CPU
		{3F911CD9-4F55-430B-A4FA-FCF6E4BDBDB9}.Release|x64.ActiveCfg = Release|Any CPU
		{3F911CD9-4F55-430B-A4FA-FCF6E4BDBDB9}.Release|x64.Build.0 = Release|Any CPU
		{3F911CD9-4F55-430B-A4FA-FCF6E4BDBDB9}.Release|x86.ActiveCfg = Release|Any CPU
		{3F911CD9-4F55-430B-A4FA-FCF6E4BDBDB9}.Release|x86.Build.0 = Release|Any CPU
		{FA2FF78A-EB3E-4790-AE0D-2AA60D920E27}.Debug|Any CPU.ActiveCfg = Debug|Any CPU
		{FA2FF78A-EB3E-4790-AE0D-2AA60D920E27}.Debug|Any CPU.Build.0 = Debug|Any CPU
		{FA2FF78A-EB3E-4790-AE0D-2AA60D920E27}.Debug|ARM64.ActiveCfg = Debug|Any CPU
		{FA2FF78A-EB3E-4790-AE0D-2AA60D920E27}.Debug|ARM64.Build.0 = Debug|Any CPU
		{FA2FF78A-EB3E-4790-AE0D-2AA60D920E27}.Debug|x64.ActiveCfg = Debug|Any CPU
		{FA2FF78A-EB3E-4790-AE0D-2AA60D920E27}.Debug|x64.Build.0 = Debug|Any CPU
		{FA2FF78A-EB3E-4790-AE0D-2AA60D920E27}.Debug|x86.ActiveCfg = Debug|Any CPU
		{FA2FF78A-EB3E-4790-AE0D-2AA60D920E27}.Debug|x86.Build.0 = Debug|Any CPU
		{FA2FF78A-EB3E-4790-AE0D-2AA60D920E27}.Release|Any CPU.ActiveCfg = Release|Any CPU
		{FA2FF78A-EB3E-4790-AE0D-2AA60D920E27}.Release|Any CPU.Build.0 = Release|Any CPU
		{FA2FF78A-EB3E-4790-AE0D-2AA60D920E27}.Release|ARM64.ActiveCfg = Release|Any CPU
		{FA2FF78A-EB3E-4790-AE0D-2AA60D920E27}.Release|ARM64.Build.0 = Release|Any CPU
		{FA2FF78A-EB3E-4790-AE0D-2AA60D920E27}.Release|x64.ActiveCfg = Release|Any CPU
		{FA2FF78A-EB3E-4790-AE0D-2AA60D920E27}.Release|x64.Build.0 = Release|Any CPU
		{FA2FF78A-EB3E-4790-AE0D-2AA60D920E27}.Release|x86.ActiveCfg = Release|Any CPU
		{FA2FF78A-EB3E-4790-AE0D-2AA60D920E27}.Release|x86.Build.0 = Release|Any CPU
		{FD5902D0-BC73-440F-91E9-500F550A2780}.Debug|Any CPU.ActiveCfg = Debug|Any CPU
		{FD5902D0-BC73-440F-91E9-500F550A2780}.Debug|Any CPU.Build.0 = Debug|Any CPU
		{FD5902D0-BC73-440F-91E9-500F550A2780}.Debug|ARM64.ActiveCfg = Debug|Any CPU
		{FD5902D0-BC73-440F-91E9-500F550A2780}.Debug|ARM64.Build.0 = Debug|Any CPU
		{FD5902D0-BC73-440F-91E9-500F550A2780}.Debug|x64.ActiveCfg = Debug|Any CPU
		{FD5902D0-BC73-440F-91E9-500F550A2780}.Debug|x64.Build.0 = Debug|Any CPU
		{FD5902D0-BC73-440F-91E9-500F550A2780}.Debug|x86.ActiveCfg = Debug|Any CPU
		{FD5902D0-BC73-440F-91E9-500F550A2780}.Debug|x86.Build.0 = Debug|Any CPU
		{FD5902D0-BC73-440F-91E9-500F550A2780}.Release|Any CPU.ActiveCfg = Release|Any CPU
		{FD5902D0-BC73-440F-91E9-500F550A2780}.Release|Any CPU.Build.0 = Release|Any CPU
		{FD5902D0-BC73-440F-91E9-500F550A2780}.Release|ARM64.ActiveCfg = Release|Any CPU
		{FD5902D0-BC73-440F-91E9-500F550A2780}.Release|ARM64.Build.0 = Release|Any CPU
		{FD5902D0-BC73-440F-91E9-500F550A2780}.Release|x64.ActiveCfg = Release|Any CPU
		{FD5902D0-BC73-440F-91E9-500F550A2780}.Release|x64.Build.0 = Release|Any CPU
		{FD5902D0-BC73-440F-91E9-500F550A2780}.Release|x86.ActiveCfg = Release|Any CPU
		{FD5902D0-BC73-440F-91E9-500F550A2780}.Release|x86.Build.0 = Release|Any CPU
		{45F049BB-A6D0-40AB-9492-1E47625AEF64}.Debug|Any CPU.ActiveCfg = Debug|Any CPU
		{45F049BB-A6D0-40AB-9492-1E47625AEF64}.Debug|Any CPU.Build.0 = Debug|Any CPU
		{45F049BB-A6D0-40AB-9492-1E47625AEF64}.Debug|ARM64.ActiveCfg = Debug|Any CPU
		{45F049BB-A6D0-40AB-9492-1E47625AEF64}.Debug|ARM64.Build.0 = Debug|Any CPU
		{45F049BB-A6D0-40AB-9492-1E47625AEF64}.Debug|x64.ActiveCfg = Debug|Any CPU
		{45F049BB-A6D0-40AB-9492-1E47625AEF64}.Debug|x64.Build.0 = Debug|Any CPU
		{45F049BB-A6D0-40AB-9492-1E47625AEF64}.Debug|x86.ActiveCfg = Debug|Any CPU
		{45F049BB-A6D0-40AB-9492-1E47625AEF64}.Debug|x86.Build.0 = Debug|Any CPU
		{45F049BB-A6D0-40AB-9492-1E47625AEF64}.Release|Any CPU.ActiveCfg = Release|Any CPU
		{45F049BB-A6D0-40AB-9492-1E47625AEF64}.Release|Any CPU.Build.0 = Release|Any CPU
		{45F049BB-A6D0-40AB-9492-1E47625AEF64}.Release|ARM64.ActiveCfg = Release|Any CPU
		{45F049BB-A6D0-40AB-9492-1E47625AEF64}.Release|ARM64.Build.0 = Release|Any CPU
		{45F049BB-A6D0-40AB-9492-1E47625AEF64}.Release|x64.ActiveCfg = Release|Any CPU
		{45F049BB-A6D0-40AB-9492-1E47625AEF64}.Release|x64.Build.0 = Release|Any CPU
		{45F049BB-A6D0-40AB-9492-1E47625AEF64}.Release|x86.ActiveCfg = Release|Any CPU
		{45F049BB-A6D0-40AB-9492-1E47625AEF64}.Release|x86.Build.0 = Release|Any CPU
		{9424910F-91F7-475D-980E-F77977E0E1AB}.Debug|Any CPU.ActiveCfg = Debug|Any CPU
		{9424910F-91F7-475D-980E-F77977E0E1AB}.Debug|Any CPU.Build.0 = Debug|Any CPU
		{9424910F-91F7-475D-980E-F77977E0E1AB}.Debug|ARM64.ActiveCfg = Debug|Any CPU
		{9424910F-91F7-475D-980E-F77977E0E1AB}.Debug|ARM64.Build.0 = Debug|Any CPU
		{9424910F-91F7-475D-980E-F77977E0E1AB}.Debug|x64.ActiveCfg = Debug|Any CPU
		{9424910F-91F7-475D-980E-F77977E0E1AB}.Debug|x64.Build.0 = Debug|Any CPU
		{9424910F-91F7-475D-980E-F77977E0E1AB}.Debug|x86.ActiveCfg = Debug|Any CPU
		{9424910F-91F7-475D-980E-F77977E0E1AB}.Debug|x86.Build.0 = Debug|Any CPU
		{9424910F-91F7-475D-980E-F77977E0E1AB}.Release|Any CPU.ActiveCfg = Release|Any CPU
		{9424910F-91F7-475D-980E-F77977E0E1AB}.Release|Any CPU.Build.0 = Release|Any CPU
		{9424910F-91F7-475D-980E-F77977E0E1AB}.Release|ARM64.ActiveCfg = Release|Any CPU
		{9424910F-91F7-475D-980E-F77977E0E1AB}.Release|ARM64.Build.0 = Release|Any CPU
		{9424910F-91F7-475D-980E-F77977E0E1AB}.Release|x64.ActiveCfg = Release|Any CPU
		{9424910F-91F7-475D-980E-F77977E0E1AB}.Release|x64.Build.0 = Release|Any CPU
		{9424910F-91F7-475D-980E-F77977E0E1AB}.Release|x86.ActiveCfg = Release|Any CPU
		{9424910F-91F7-475D-980E-F77977E0E1AB}.Release|x86.Build.0 = Release|Any CPU
		{E30AD0C8-060D-4729-A8F8-D8971C5F89E6}.Debug|Any CPU.ActiveCfg = Debug|Any CPU
		{E30AD0C8-060D-4729-A8F8-D8971C5F89E6}.Debug|Any CPU.Build.0 = Debug|Any CPU
		{E30AD0C8-060D-4729-A8F8-D8971C5F89E6}.Debug|ARM64.ActiveCfg = Debug|Any CPU
		{E30AD0C8-060D-4729-A8F8-D8971C5F89E6}.Debug|ARM64.Build.0 = Debug|Any CPU
		{E30AD0C8-060D-4729-A8F8-D8971C5F89E6}.Debug|x64.ActiveCfg = Debug|Any CPU
		{E30AD0C8-060D-4729-A8F8-D8971C5F89E6}.Debug|x64.Build.0 = Debug|Any CPU
		{E30AD0C8-060D-4729-A8F8-D8971C5F89E6}.Debug|x86.ActiveCfg = Debug|Any CPU
		{E30AD0C8-060D-4729-A8F8-D8971C5F89E6}.Debug|x86.Build.0 = Debug|Any CPU
		{E30AD0C8-060D-4729-A8F8-D8971C5F89E6}.Release|Any CPU.ActiveCfg = Release|Any CPU
		{E30AD0C8-060D-4729-A8F8-D8971C5F89E6}.Release|Any CPU.Build.0 = Release|Any CPU
		{E30AD0C8-060D-4729-A8F8-D8971C5F89E6}.Release|ARM64.ActiveCfg = Release|Any CPU
		{E30AD0C8-060D-4729-A8F8-D8971C5F89E6}.Release|ARM64.Build.0 = Release|Any CPU
		{E30AD0C8-060D-4729-A8F8-D8971C5F89E6}.Release|x64.ActiveCfg = Release|Any CPU
		{E30AD0C8-060D-4729-A8F8-D8971C5F89E6}.Release|x64.Build.0 = Release|Any CPU
		{E30AD0C8-060D-4729-A8F8-D8971C5F89E6}.Release|x86.ActiveCfg = Release|Any CPU
		{E30AD0C8-060D-4729-A8F8-D8971C5F89E6}.Release|x86.Build.0 = Release|Any CPU
		{6BC350F3-43AF-4FA4-A581-C7460231A4CE}.Debug|Any CPU.ActiveCfg = Debug|Any CPU
		{6BC350F3-43AF-4FA4-A581-C7460231A4CE}.Debug|Any CPU.Build.0 = Debug|Any CPU
		{6BC350F3-43AF-4FA4-A581-C7460231A4CE}.Debug|ARM64.ActiveCfg = Debug|Any CPU
		{6BC350F3-43AF-4FA4-A581-C7460231A4CE}.Debug|ARM64.Build.0 = Debug|Any CPU
		{6BC350F3-43AF-4FA4-A581-C7460231A4CE}.Debug|x64.ActiveCfg = Debug|Any CPU
		{6BC350F3-43AF-4FA4-A581-C7460231A4CE}.Debug|x64.Build.0 = Debug|Any CPU
		{6BC350F3-43AF-4FA4-A581-C7460231A4CE}.Debug|x86.ActiveCfg = Debug|Any CPU
		{6BC350F3-43AF-4FA4-A581-C7460231A4CE}.Debug|x86.Build.0 = Debug|Any CPU
		{6BC350F3-43AF-4FA4-A581-C7460231A4CE}.Release|Any CPU.ActiveCfg = Release|Any CPU
		{6BC350F3-43AF-4FA4-A581-C7460231A4CE}.Release|Any CPU.Build.0 = Release|Any CPU
		{6BC350F3-43AF-4FA4-A581-C7460231A4CE}.Release|ARM64.ActiveCfg = Release|Any CPU
		{6BC350F3-43AF-4FA4-A581-C7460231A4CE}.Release|ARM64.Build.0 = Release|Any CPU
		{6BC350F3-43AF-4FA4-A581-C7460231A4CE}.Release|x64.ActiveCfg = Release|Any CPU
		{6BC350F3-43AF-4FA4-A581-C7460231A4CE}.Release|x64.Build.0 = Release|Any CPU
		{6BC350F3-43AF-4FA4-A581-C7460231A4CE}.Release|x86.ActiveCfg = Release|Any CPU
		{6BC350F3-43AF-4FA4-A581-C7460231A4CE}.Release|x86.Build.0 = Release|Any CPU
		{DE5B66B0-C097-417E-A8DD-6B380834E1BD}.Debug|Any CPU.ActiveCfg = Debug|Any CPU
		{DE5B66B0-C097-417E-A8DD-6B380834E1BD}.Debug|Any CPU.Build.0 = Debug|Any CPU
		{DE5B66B0-C097-417E-A8DD-6B380834E1BD}.Debug|ARM64.ActiveCfg = Debug|Any CPU
		{DE5B66B0-C097-417E-A8DD-6B380834E1BD}.Debug|ARM64.Build.0 = Debug|Any CPU
		{DE5B66B0-C097-417E-A8DD-6B380834E1BD}.Debug|x64.ActiveCfg = Debug|Any CPU
		{DE5B66B0-C097-417E-A8DD-6B380834E1BD}.Debug|x64.Build.0 = Debug|Any CPU
		{DE5B66B0-C097-417E-A8DD-6B380834E1BD}.Debug|x86.ActiveCfg = Debug|Any CPU
		{DE5B66B0-C097-417E-A8DD-6B380834E1BD}.Debug|x86.Build.0 = Debug|Any CPU
		{DE5B66B0-C097-417E-A8DD-6B380834E1BD}.Release|Any CPU.ActiveCfg = Release|Any CPU
		{DE5B66B0-C097-417E-A8DD-6B380834E1BD}.Release|Any CPU.Build.0 = Release|Any CPU
		{DE5B66B0-C097-417E-A8DD-6B380834E1BD}.Release|ARM64.ActiveCfg = Release|Any CPU
		{DE5B66B0-C097-417E-A8DD-6B380834E1BD}.Release|ARM64.Build.0 = Release|Any CPU
		{DE5B66B0-C097-417E-A8DD-6B380834E1BD}.Release|x64.ActiveCfg = Release|Any CPU
		{DE5B66B0-C097-417E-A8DD-6B380834E1BD}.Release|x64.Build.0 = Release|Any CPU
		{DE5B66B0-C097-417E-A8DD-6B380834E1BD}.Release|x86.ActiveCfg = Release|Any CPU
		{DE5B66B0-C097-417E-A8DD-6B380834E1BD}.Release|x86.Build.0 = Release|Any CPU
		{1E3EBFFA-C025-409C-97A1-6909118925EB}.Debug|Any CPU.ActiveCfg = Debug|Any CPU
		{1E3EBFFA-C025-409C-97A1-6909118925EB}.Debug|Any CPU.Build.0 = Debug|Any CPU
		{1E3EBFFA-C025-409C-97A1-6909118925EB}.Debug|ARM64.ActiveCfg = Debug|Any CPU
		{1E3EBFFA-C025-409C-97A1-6909118925EB}.Debug|ARM64.Build.0 = Debug|Any CPU
		{1E3EBFFA-C025-409C-97A1-6909118925EB}.Debug|x64.ActiveCfg = Debug|Any CPU
		{1E3EBFFA-C025-409C-97A1-6909118925EB}.Debug|x64.Build.0 = Debug|Any CPU
		{1E3EBFFA-C025-409C-97A1-6909118925EB}.Debug|x86.ActiveCfg = Debug|Any CPU
		{1E3EBFFA-C025-409C-97A1-6909118925EB}.Debug|x86.Build.0 = Debug|Any CPU
		{1E3EBFFA-C025-409C-97A1-6909118925EB}.Release|Any CPU.ActiveCfg = Release|Any CPU
		{1E3EBFFA-C025-409C-97A1-6909118925EB}.Release|Any CPU.Build.0 = Release|Any CPU
		{1E3EBFFA-C025-409C-97A1-6909118925EB}.Release|ARM64.ActiveCfg = Release|Any CPU
		{1E3EBFFA-C025-409C-97A1-6909118925EB}.Release|ARM64.Build.0 = Release|Any CPU
		{1E3EBFFA-C025-409C-97A1-6909118925EB}.Release|x64.ActiveCfg = Release|Any CPU
		{1E3EBFFA-C025-409C-97A1-6909118925EB}.Release|x64.Build.0 = Release|Any CPU
		{1E3EBFFA-C025-409C-97A1-6909118925EB}.Release|x86.ActiveCfg = Release|Any CPU
		{1E3EBFFA-C025-409C-97A1-6909118925EB}.Release|x86.Build.0 = Release|Any CPU
		{3DF8E228-0F8E-4568-A055-31579EA22237}.Debug|Any CPU.ActiveCfg = Debug|Any CPU
		{3DF8E228-0F8E-4568-A055-31579EA22237}.Debug|Any CPU.Build.0 = Debug|Any CPU
		{3DF8E228-0F8E-4568-A055-31579EA22237}.Debug|ARM64.ActiveCfg = Debug|Any CPU
		{3DF8E228-0F8E-4568-A055-31579EA22237}.Debug|ARM64.Build.0 = Debug|Any CPU
		{3DF8E228-0F8E-4568-A055-31579EA22237}.Debug|x64.ActiveCfg = Debug|Any CPU
		{3DF8E228-0F8E-4568-A055-31579EA22237}.Debug|x64.Build.0 = Debug|Any CPU
		{3DF8E228-0F8E-4568-A055-31579EA22237}.Debug|x86.ActiveCfg = Debug|Any CPU
		{3DF8E228-0F8E-4568-A055-31579EA22237}.Debug|x86.Build.0 = Debug|Any CPU
		{3DF8E228-0F8E-4568-A055-31579EA22237}.Release|Any CPU.ActiveCfg = Release|Any CPU
		{3DF8E228-0F8E-4568-A055-31579EA22237}.Release|Any CPU.Build.0 = Release|Any CPU
		{3DF8E228-0F8E-4568-A055-31579EA22237}.Release|ARM64.ActiveCfg = Release|Any CPU
		{3DF8E228-0F8E-4568-A055-31579EA22237}.Release|ARM64.Build.0 = Release|Any CPU
		{3DF8E228-0F8E-4568-A055-31579EA22237}.Release|x64.ActiveCfg = Release|Any CPU
		{3DF8E228-0F8E-4568-A055-31579EA22237}.Release|x64.Build.0 = Release|Any CPU
		{3DF8E228-0F8E-4568-A055-31579EA22237}.Release|x86.ActiveCfg = Release|Any CPU
		{3DF8E228-0F8E-4568-A055-31579EA22237}.Release|x86.Build.0 = Release|Any CPU
		{E2DD0943-00F0-460B-9E9E-A595EA7EE1EE}.Debug|Any CPU.ActiveCfg = Debug|Any CPU
		{E2DD0943-00F0-460B-9E9E-A595EA7EE1EE}.Debug|Any CPU.Build.0 = Debug|Any CPU
		{E2DD0943-00F0-460B-9E9E-A595EA7EE1EE}.Debug|ARM64.ActiveCfg = Debug|Any CPU
		{E2DD0943-00F0-460B-9E9E-A595EA7EE1EE}.Debug|ARM64.Build.0 = Debug|Any CPU
		{E2DD0943-00F0-460B-9E9E-A595EA7EE1EE}.Debug|x64.ActiveCfg = Debug|Any CPU
		{E2DD0943-00F0-460B-9E9E-A595EA7EE1EE}.Debug|x64.Build.0 = Debug|Any CPU
		{E2DD0943-00F0-460B-9E9E-A595EA7EE1EE}.Debug|x86.ActiveCfg = Debug|Any CPU
		{E2DD0943-00F0-460B-9E9E-A595EA7EE1EE}.Debug|x86.Build.0 = Debug|Any CPU
		{E2DD0943-00F0-460B-9E9E-A595EA7EE1EE}.Release|Any CPU.ActiveCfg = Release|Any CPU
		{E2DD0943-00F0-460B-9E9E-A595EA7EE1EE}.Release|Any CPU.Build.0 = Release|Any CPU
		{E2DD0943-00F0-460B-9E9E-A595EA7EE1EE}.Release|ARM64.ActiveCfg = Release|Any CPU
		{E2DD0943-00F0-460B-9E9E-A595EA7EE1EE}.Release|ARM64.Build.0 = Release|Any CPU
		{E2DD0943-00F0-460B-9E9E-A595EA7EE1EE}.Release|x64.ActiveCfg = Release|Any CPU
		{E2DD0943-00F0-460B-9E9E-A595EA7EE1EE}.Release|x64.Build.0 = Release|Any CPU
		{E2DD0943-00F0-460B-9E9E-A595EA7EE1EE}.Release|x86.ActiveCfg = Release|Any CPU
		{E2DD0943-00F0-460B-9E9E-A595EA7EE1EE}.Release|x86.Build.0 = Release|Any CPU
		{A88A78C9-902E-4A8A-9250-B62AE2B31C45}.Debug|Any CPU.ActiveCfg = Debug|Any CPU
		{A88A78C9-902E-4A8A-9250-B62AE2B31C45}.Debug|Any CPU.Build.0 = Debug|Any CPU
		{A88A78C9-902E-4A8A-9250-B62AE2B31C45}.Debug|ARM64.ActiveCfg = Debug|Any CPU
		{A88A78C9-902E-4A8A-9250-B62AE2B31C45}.Debug|ARM64.Build.0 = Debug|Any CPU
		{A88A78C9-902E-4A8A-9250-B62AE2B31C45}.Debug|x64.ActiveCfg = Debug|Any CPU
		{A88A78C9-902E-4A8A-9250-B62AE2B31C45}.Debug|x64.Build.0 = Debug|Any CPU
		{A88A78C9-902E-4A8A-9250-B62AE2B31C45}.Debug|x86.ActiveCfg = Debug|Any CPU
		{A88A78C9-902E-4A8A-9250-B62AE2B31C45}.Debug|x86.Build.0 = Debug|Any CPU
		{A88A78C9-902E-4A8A-9250-B62AE2B31C45}.Release|Any CPU.ActiveCfg = Release|Any CPU
		{A88A78C9-902E-4A8A-9250-B62AE2B31C45}.Release|Any CPU.Build.0 = Release|Any CPU
		{A88A78C9-902E-4A8A-9250-B62AE2B31C45}.Release|ARM64.ActiveCfg = Release|Any CPU
		{A88A78C9-902E-4A8A-9250-B62AE2B31C45}.Release|ARM64.Build.0 = Release|Any CPU
		{A88A78C9-902E-4A8A-9250-B62AE2B31C45}.Release|x64.ActiveCfg = Release|Any CPU
		{A88A78C9-902E-4A8A-9250-B62AE2B31C45}.Release|x64.Build.0 = Release|Any CPU
		{A88A78C9-902E-4A8A-9250-B62AE2B31C45}.Release|x86.ActiveCfg = Release|Any CPU
		{A88A78C9-902E-4A8A-9250-B62AE2B31C45}.Release|x86.Build.0 = Release|Any CPU
		{C0DF3840-FDE3-41FA-AA55-3EFEACBEBECD}.Debug|Any CPU.ActiveCfg = Debug|x64
		{C0DF3840-FDE3-41FA-AA55-3EFEACBEBECD}.Debug|Any CPU.Build.0 = Debug|x64
		{C0DF3840-FDE3-41FA-AA55-3EFEACBEBECD}.Debug|Any CPU.Deploy.0 = Debug|x64
		{C0DF3840-FDE3-41FA-AA55-3EFEACBEBECD}.Debug|ARM64.ActiveCfg = Debug|ARM64
		{C0DF3840-FDE3-41FA-AA55-3EFEACBEBECD}.Debug|ARM64.Build.0 = Debug|ARM64
		{C0DF3840-FDE3-41FA-AA55-3EFEACBEBECD}.Debug|ARM64.Deploy.0 = Debug|ARM64
		{C0DF3840-FDE3-41FA-AA55-3EFEACBEBECD}.Debug|x64.ActiveCfg = Debug|x64
		{C0DF3840-FDE3-41FA-AA55-3EFEACBEBECD}.Debug|x64.Build.0 = Debug|x64
		{C0DF3840-FDE3-41FA-AA55-3EFEACBEBECD}.Debug|x64.Deploy.0 = Debug|x64
		{C0DF3840-FDE3-41FA-AA55-3EFEACBEBECD}.Debug|x86.ActiveCfg = Debug|x86
		{C0DF3840-FDE3-41FA-AA55-3EFEACBEBECD}.Debug|x86.Build.0 = Debug|x86
		{C0DF3840-FDE3-41FA-AA55-3EFEACBEBECD}.Debug|x86.Deploy.0 = Debug|x86
		{C0DF3840-FDE3-41FA-AA55-3EFEACBEBECD}.Release|Any CPU.ActiveCfg = Release|x64
		{C0DF3840-FDE3-41FA-AA55-3EFEACBEBECD}.Release|Any CPU.Build.0 = Release|x64
		{C0DF3840-FDE3-41FA-AA55-3EFEACBEBECD}.Release|Any CPU.Deploy.0 = Release|x64
		{C0DF3840-FDE3-41FA-AA55-3EFEACBEBECD}.Release|ARM64.ActiveCfg = Release|ARM64
		{C0DF3840-FDE3-41FA-AA55-3EFEACBEBECD}.Release|ARM64.Build.0 = Release|ARM64
		{C0DF3840-FDE3-41FA-AA55-3EFEACBEBECD}.Release|ARM64.Deploy.0 = Release|ARM64
		{C0DF3840-FDE3-41FA-AA55-3EFEACBEBECD}.Release|x64.ActiveCfg = Release|x64
		{C0DF3840-FDE3-41FA-AA55-3EFEACBEBECD}.Release|x64.Build.0 = Release|x64
		{C0DF3840-FDE3-41FA-AA55-3EFEACBEBECD}.Release|x64.Deploy.0 = Release|x64
		{C0DF3840-FDE3-41FA-AA55-3EFEACBEBECD}.Release|x86.ActiveCfg = Release|x86
		{C0DF3840-FDE3-41FA-AA55-3EFEACBEBECD}.Release|x86.Build.0 = Release|x86
		{C0DF3840-FDE3-41FA-AA55-3EFEACBEBECD}.Release|x86.Deploy.0 = Release|x86
	EndGlobalSection
	GlobalSection(SolutionProperties) = preSolution
		HideSolutionNode = FALSE
	EndGlobalSection
	GlobalSection(NestedProjects) = preSolution
		{D6A6D415-C6BA-40E3-AB75-B7E0B01CB595} = {BF8D609B-DF5B-4479-953F-307E9F385157}
		{6F63FC9F-DCF8-42C7-964B-D422624B8CDC} = {BF8D609B-DF5B-4479-953F-307E9F385157}
		{5572471D-6F33-4DE4-84EA-63980136F103} = {6951B38D-7C64-4B07-9B79-90D737A7A89C}
		{1AB80D3A-6A39-463C-AE3D-1DBDE7CDEFB8} = {6951B38D-7C64-4B07-9B79-90D737A7A89C}
		{1DD0CB13-C315-4985-9BD7-EC27E6F942ED} = {E4DDAEA3-FED7-41C6-AB6F-24F0E9B8F14F}
		{3C48C5A1-783A-4D96-91F1-8B1D670D496F} = {E4DDAEA3-FED7-41C6-AB6F-24F0E9B8F14F}
		{946EE6EA-50F8-4078-84A9-91B8856B9B08} = {E4DDAEA3-FED7-41C6-AB6F-24F0E9B8F14F}
		{DE0B21D1-91B4-4526-BBE7-0B9A6FEE3D92} = {946EE6EA-50F8-4078-84A9-91B8856B9B08}
		{001B3F0C-03C6-4428-86E2-D0637D8D62C6} = {E4DDAEA3-FED7-41C6-AB6F-24F0E9B8F14F}
		{3E19B281-B954-4695-8F13-C730313E36CF} = {001B3F0C-03C6-4428-86E2-D0637D8D62C6}
		{A656383F-AA89-4721-9450-79B8CB85F43C} = {001B3F0C-03C6-4428-86E2-D0637D8D62C6}
		{6F1F42A4-4CBB-4961-962D-88D5E2D3C077} = {001B3F0C-03C6-4428-86E2-D0637D8D62C6}
		{86C2E249-1B75-4AE1-99E8-E92BFBC373BF} = {001B3F0C-03C6-4428-86E2-D0637D8D62C6}
		{84BB898F-2C84-4203-90EE-8B0DFD87072B} = {001B3F0C-03C6-4428-86E2-D0637D8D62C6}
		{7529DF8F-A404-4551-9110-45F09E39C7C2} = {001B3F0C-03C6-4428-86E2-D0637D8D62C6}
		{13DF9366-2288-4C3A-99B9-04B1C54CBBCC} = {001B3F0C-03C6-4428-86E2-D0637D8D62C6}
		{62703352-826C-4140-BCED-FCA52B0AC81A} = {001B3F0C-03C6-4428-86E2-D0637D8D62C6}
		{61AA90F5-241B-49E1-A98B-AA4A379F9029} = {001B3F0C-03C6-4428-86E2-D0637D8D62C6}
		{6DA7608E-A89B-46E2-B6CF-197762922B25} = {001B3F0C-03C6-4428-86E2-D0637D8D62C6}
		{623115E6-FAD5-4B4F-B45C-46CA7C112F71} = {001B3F0C-03C6-4428-86E2-D0637D8D62C6}
		{125D1921-EDFB-42FA-8726-90C1D882DDFD} = {001B3F0C-03C6-4428-86E2-D0637D8D62C6}
		{6FD81C52-82E6-4053-8304-FC874A4D3835} = {001B3F0C-03C6-4428-86E2-D0637D8D62C6}
		{F11C4EDC-25CD-4D1A-8EB5-4771B627621F} = {001B3F0C-03C6-4428-86E2-D0637D8D62C6}
		{101DC30D-CC4D-4EE8-B05A-B0213D4EAEF7} = {001B3F0C-03C6-4428-86E2-D0637D8D62C6}
		{98FFE54C-D0EF-4233-ABA1-A227516EC805} = {001B3F0C-03C6-4428-86E2-D0637D8D62C6}
		{2862433A-F0F4-4049-9E92-AAB61194D2EE} = {001B3F0C-03C6-4428-86E2-D0637D8D62C6}
		{B212E8E9-56A9-444D-9A6C-B6D2361E2631} = {001B3F0C-03C6-4428-86E2-D0637D8D62C6}
		{2A7EC4BE-2A00-47A6-A548-2B2804A48104} = {001B3F0C-03C6-4428-86E2-D0637D8D62C6}
		{B00BB5EE-E903-4D79-BBE3-F66AFF2FE77E} = {001B3F0C-03C6-4428-86E2-D0637D8D62C6}
		{F79A0F5E-E6DC-4027-A2BB-F18FA4599806} = {001B3F0C-03C6-4428-86E2-D0637D8D62C6}
		{A6EB576B-0C20-4625-934E-68A502B84BBA} = {001B3F0C-03C6-4428-86E2-D0637D8D62C6}
		{79AEFEFF-B885-450D-B4A7-A8CBD8DB4E44} = {001B3F0C-03C6-4428-86E2-D0637D8D62C6}
		{D3384F21-6C49-4EC0-95E4-916E26772F60} = {001B3F0C-03C6-4428-86E2-D0637D8D62C6}
		{59D68395-E126-4223-86DB-5AAE90A518D3} = {001B3F0C-03C6-4428-86E2-D0637D8D62C6}
		{BAF51868-2C4F-4741-8867-A5858406D69E} = {001B3F0C-03C6-4428-86E2-D0637D8D62C6}
		{14DCFF0C-2A47-453F-BE54-02F7C624BE13} = {001B3F0C-03C6-4428-86E2-D0637D8D62C6}
		{AC4B1745-6839-4775-82D9-E0549EA21A34} = {001B3F0C-03C6-4428-86E2-D0637D8D62C6}
		{44EEB90D-1612-413F-9471-018F9313549F} = {001B3F0C-03C6-4428-86E2-D0637D8D62C6}
		{F4A07A5C-30E8-4A8E-82AD-F68878012C04} = {001B3F0C-03C6-4428-86E2-D0637D8D62C6}
		{80145B52-6A15-4366-BE09-F66DED3982B7} = {001B3F0C-03C6-4428-86E2-D0637D8D62C6}
		{3F911CD9-4F55-430B-A4FA-FCF6E4BDBDB9} = {E4DDAEA3-FED7-41C6-AB6F-24F0E9B8F14F}
		{FA2FF78A-EB3E-4790-AE0D-2AA60D920E27} = {E4DDAEA3-FED7-41C6-AB6F-24F0E9B8F14F}
		{FD5902D0-BC73-440F-91E9-500F550A2780} = {E4DDAEA3-FED7-41C6-AB6F-24F0E9B8F14F}
		{45F049BB-A6D0-40AB-9492-1E47625AEF64} = {E4DDAEA3-FED7-41C6-AB6F-24F0E9B8F14F}
		{9424910F-91F7-475D-980E-F77977E0E1AB} = {E4DDAEA3-FED7-41C6-AB6F-24F0E9B8F14F}
		{E30AD0C8-060D-4729-A8F8-D8971C5F89E6} = {E4DDAEA3-FED7-41C6-AB6F-24F0E9B8F14F}
		{6BC350F3-43AF-4FA4-A581-C7460231A4CE} = {E4DDAEA3-FED7-41C6-AB6F-24F0E9B8F14F}
		{3300C708-EA78-4DC2-8202-17B9C8A5342B} = {E4DDAEA3-FED7-41C6-AB6F-24F0E9B8F14F}
		{DE5B66B0-C097-417E-A8DD-6B380834E1BD} = {3300C708-EA78-4DC2-8202-17B9C8A5342B}
		{1E3EBFFA-C025-409C-97A1-6909118925EB} = {3300C708-EA78-4DC2-8202-17B9C8A5342B}
		{3DF8E228-0F8E-4568-A055-31579EA22237} = {3300C708-EA78-4DC2-8202-17B9C8A5342B}
		{E2DD0943-00F0-460B-9E9E-A595EA7EE1EE} = {3300C708-EA78-4DC2-8202-17B9C8A5342B}
		{A88A78C9-902E-4A8A-9250-B62AE2B31C45} = {3300C708-EA78-4DC2-8202-17B9C8A5342B}
		{C0DF3840-FDE3-41FA-AA55-3EFEACBEBECD} = {6951B38D-7C64-4B07-9B79-90D737A7A89C}
	EndGlobalSection
	GlobalSection(ExtensibilityGlobals) = postSolution
		SolutionGuid = {24DC7445-83EF-4322-8700-0ACE7058E7EA}
	EndGlobalSection
EndGlobal
