
Microsoft Visual Studio Solution File, Format Version 12.00
# Visual Studio 15
VisualStudioVersion = 15.0.27428.2043
MinimumVisualStudioVersion = 10.0.40219.1
Project("{FAE04EC0-301F-11D3-BF4B-00C04F79EFBC}") = "WPF002", "WPF002\WPF002.csproj", "{3E19B281-B954-4695-8F13-C730313E36CF}"
EndProject
Project("{FAE04EC0-301F-11D3-BF4B-00C04F79EFBC}") = "WPF002_2", "WPF002_2\WPF002_2.csproj", "{A656383F-AA89-4721-9450-79B8CB85F43C}"
EndProject
Project("{FAE04EC0-301F-11D3-BF4B-00C04F79EFBC}") = "WPF003", "WPF003\WPF003.csproj", "{6F1F42A4-4CBB-4961-962D-88D5E2D3C077}"
EndProject
Project("{FAE04EC0-301F-11D3-BF4B-00C04F79EFBC}") = "WPF004", "WPF004\WPF004.csproj", "{86C2E249-1B75-4AE1-99E8-E92BFBC373BF}"
EndProject
Project("{FAE04EC0-301F-11D3-BF4B-00C04F79EFBC}") = "WPF005", "WPF005\WPF005.csproj", "{84BB898F-2C84-4203-90EE-8B0DFD87072B}"
EndProject
Project("{FAE04EC0-301F-11D3-BF4B-00C04F79EFBC}") = "WPF006", "WPF006\WPF006.csproj", "{7529DF8F-A404-4551-9110-45F09E39C7C2}"
EndProject
Project("{FAE04EC0-301F-11D3-BF4B-00C04F79EFBC}") = "WPF006_2", "WPF006_2\WPF006_2.csproj", "{13DF9366-2288-4C3A-99B9-04B1C54CBBCC}"
EndProject
Project("{FAE04EC0-301F-11D3-BF4B-00C04F79EFBC}") = "WPF007", "WPF007\WPF007.csproj", "{62703352-826C-4140-BCED-FCA52B0AC81A}"
EndProject
Project("{FAE04EC0-301F-11D3-BF4B-00C04F79EFBC}") = "WPF008", "WPF008\WPF008.csproj", "{61AA90F5-241B-49E1-A98B-AA4A379F9029}"
EndProject
Project("{FAE04EC0-301F-11D3-BF4B-00C04F79EFBC}") = "WPF009", "WPF009\WPF009.csproj", "{6DA7608E-A89B-46E2-B6CF-197762922B25}"
EndProject
Project("{FAE04EC0-301F-11D3-BF4B-00C04F79EFBC}") = "WPF010", "WPF010\WPF010.csproj", "{623115E6-FAD5-4B4F-B45C-46CA7C112F71}"
EndProject
Project("{FAE04EC0-301F-11D3-BF4B-00C04F79EFBC}") = "WPF011", "WPF011\WPF011.csproj", "{125D1921-EDFB-42FA-8726-90C1D882DDFD}"
EndProject
Project("{FAE04EC0-301F-11D3-BF4B-00C04F79EFBC}") = "WPF012", "WPF012\WPF012.csproj", "{6FD81C52-82E6-4053-8304-FC874A4D3835}"
EndProject
Project("{FAE04EC0-301F-11D3-BF4B-00C04F79EFBC}") = "WPF013", "WPF013\WPF013.csproj", "{F11C4EDC-25CD-4D1A-8EB5-4771B627621F}"
EndProject
Project("{FAE04EC0-301F-11D3-BF4B-00C04F79EFBC}") = "WPF014", "WPF014\WPF014.csproj", "{101DC30D-CC4D-4EE8-B05A-B0213D4EAEF7}"
EndProject
Project("{FAE04EC0-301F-11D3-BF4B-00C04F79EFBC}") = "WPF015", "WPF015\WPF015.csproj", "{98FFE54C-D0EF-4233-ABA1-A227516EC805}"
EndProject
Project("{FAE04EC0-301F-11D3-BF4B-00C04F79EFBC}") = "WPF016", "WPF016\WPF016.csproj", "{2862433A-F0F4-4049-9E92-AAB61194D2EE}"
EndProject
Project("{FAE04EC0-301F-11D3-BF4B-00C04F79EFBC}") = "WPF017", "WPF017\WPF017.csproj", "{B212E8E9-56A9-444D-9A6C-B6D2361E2631}"
EndProject
Project("{FAE04EC0-301F-11D3-BF4B-00C04F79EFBC}") = "WPF018", "WPF018\WPF018.csproj", "{2A7EC4BE-2A00-47A6-A548-2B2804A48104}"
EndProject
Project("{FAE04EC0-301F-11D3-BF4B-00C04F79EFBC}") = "WPF019", "WPF019\WPF019.csproj", "{B00BB5EE-E903-4D79-BBE3-F66AFF2FE77E}"
EndProject
Project("{FAE04EC0-301F-11D3-BF4B-00C04F79EFBC}") = "WPF020", "WPF020\WPF020.csproj", "{F79A0F5E-E6DC-4027-A2BB-F18FA4599806}"
EndProject
Project("{FAE04EC0-301F-11D3-BF4B-00C04F79EFBC}") = "WPF021", "WPF021\WPF021.csproj", "{A6EB576B-0C20-4625-934E-68A502B84BBA}"
EndProject
Project("{FAE04EC0-301F-11D3-BF4B-00C04F79EFBC}") = "WPF022", "WPF022\WPF022.csproj", "{79AEFEFF-B885-450D-B4A7-A8CBD8DB4E44}"
EndProject
Project("{FAE04EC0-301F-11D3-BF4B-00C04F79EFBC}") = "WPF023", "WPF023\WPF023.csproj", "{D3384F21-6C49-4EC0-95E4-916E26772F60}"
EndProject
Project("{FAE04EC0-301F-11D3-BF4B-00C04F79EFBC}") = "WPF024", "WPF024\WPF024.csproj", "{59D68395-E126-4223-86DB-5AAE90A518D3}"
EndProject
Project("{FAE04EC0-301F-11D3-BF4B-00C04F79EFBC}") = "WPF025", "WPF025\WPF025.csproj", "{BAF51868-2C4F-4741-8867-A5858406D69E}"
EndProject
Project("{FAE04EC0-301F-11D3-BF4B-00C04F79EFBC}") = "WPF026", "WPF026\WPF026.csproj", "{14DCFF0C-2A47-453F-BE54-02F7C624BE13}"
EndProject
Project("{FAE04EC0-301F-11D3-BF4B-00C04F79EFBC}") = "WPF027", "WPF027\WPF027.csproj", "{AC4B1745-6839-4775-82D9-E0549EA21A34}"
EndProject
Project("{FAE04EC0-301F-11D3-BF4B-00C04F79EFBC}") = "WPF028", "WPF028\WPF028.csproj", "{44EEB90D-1612-413F-9471-018F9313549F}"
EndProject
Project("{FAE04EC0-301F-11D3-BF4B-00C04F79EFBC}") = "WPF029", "WPF029\WPF029.csproj", "{F4A07A5C-30E8-4A8E-82AD-F68878012C04}"
EndProject
Project("{FAE04EC0-301F-11D3-BF4B-00C04F79EFBC}") = "WPF030", "WPF030\WPF030.csproj", "{80145B52-6A15-4366-BE09-F66DED3982B7}"
EndProject
Global
	GlobalSection(SolutionConfigurationPlatforms) = preSolution
		Debug|Any CPU = Debug|Any CPU
		Release|Any CPU = Release|Any CPU
	EndGlobalSection
	GlobalSection(ProjectConfigurationPlatforms) = postSolution
		{3E19B281-B954-4695-8F13-C730313E36CF}.Debug|Any CPU.ActiveCfg = Debug|Any CPU
		{3E19B281-B954-4695-8F13-C730313E36CF}.Debug|Any CPU.Build.0 = Debug|Any CPU
		{3E19B281-B954-4695-8F13-C730313E36CF}.Release|Any CPU.ActiveCfg = Release|Any CPU
		{3E19B281-B954-4695-8F13-C730313E36CF}.Release|Any CPU.Build.0 = Release|Any CPU
		{A656383F-AA89-4721-9450-79B8CB85F43C}.Debug|Any CPU.ActiveCfg = Debug|Any CPU
		{A656383F-AA89-4721-9450-79B8CB85F43C}.Debug|Any CPU.Build.0 = Debug|Any CPU
		{A656383F-AA89-4721-9450-79B8CB85F43C}.Release|Any CPU.ActiveCfg = Release|Any CPU
		{A656383F-AA89-4721-9450-79B8CB85F43C}.Release|Any CPU.Build.0 = Release|Any CPU
		{6F1F42A4-4CBB-4961-962D-88D5E2D3C077}.Debug|Any CPU.ActiveCfg = Debug|Any CPU
		{6F1F42A4-4CBB-4961-962D-88D5E2D3C077}.Debug|Any CPU.Build.0 = Debug|Any CPU
		{6F1F42A4-4CBB-4961-962D-88D5E2D3C077}.Release|Any CPU.ActiveCfg = Release|Any CPU
		{6F1F42A4-4CBB-4961-962D-88D5E2D3C077}.Release|Any CPU.Build.0 = Release|Any CPU
		{86C2E249-1B75-4AE1-99E8-E92BFBC373BF}.Debug|Any CPU.ActiveCfg = Debug|Any CPU
		{86C2E249-1B75-4AE1-99E8-E92BFBC373BF}.Debug|Any CPU.Build.0 = Debug|Any CPU
		{86C2E249-1B75-4AE1-99E8-E92BFBC373BF}.Release|Any CPU.ActiveCfg = Release|Any CPU
		{86C2E249-1B75-4AE1-99E8-E92BFBC373BF}.Release|Any CPU.Build.0 = Release|Any CPU
		{84BB898F-2C84-4203-90EE-8B0DFD87072B}.Debug|Any CPU.ActiveCfg = Debug|Any CPU
		{84BB898F-2C84-4203-90EE-8B0DFD87072B}.Debug|Any CPU.Build.0 = Debug|Any CPU
		{84BB898F-2C84-4203-90EE-8B0DFD87072B}.Release|Any CPU.ActiveCfg = Release|Any CPU
		{84BB898F-2C84-4203-90EE-8B0DFD87072B}.Release|Any CPU.Build.0 = Release|Any CPU
		{7529DF8F-A404-4551-9110-45F09E39C7C2}.Debug|Any CPU.ActiveCfg = Debug|Any CPU
		{7529DF8F-A404-4551-9110-45F09E39C7C2}.Debug|Any CPU.Build.0 = Debug|Any CPU
		{7529DF8F-A404-4551-9110-45F09E39C7C2}.Release|Any CPU.ActiveCfg = Release|Any CPU
		{7529DF8F-A404-4551-9110-45F09E39C7C2}.Release|Any CPU.Build.0 = Release|Any CPU
		{13DF9366-2288-4C3A-99B9-04B1C54CBBCC}.Debug|Any CPU.ActiveCfg = Debug|Any CPU
		{13DF9366-2288-4C3A-99B9-04B1C54CBBCC}.Debug|Any CPU.Build.0 = Debug|Any CPU
		{13DF9366-2288-4C3A-99B9-04B1C54CBBCC}.Release|Any CPU.ActiveCfg = Release|Any CPU
		{13DF9366-2288-4C3A-99B9-04B1C54CBBCC}.Release|Any CPU.Build.0 = Release|Any CPU
		{62703352-826C-4140-BCED-FCA52B0AC81A}.Debug|Any CPU.ActiveCfg = Debug|Any CPU
		{62703352-826C-4140-BCED-FCA52B0AC81A}.Debug|Any CPU.Build.0 = Debug|Any CPU
		{62703352-826C-4140-BCED-FCA52B0AC81A}.Release|Any CPU.ActiveCfg = Release|Any CPU
		{62703352-826C-4140-BCED-FCA52B0AC81A}.Release|Any CPU.Build.0 = Release|Any CPU
		{61AA90F5-241B-49E1-A98B-AA4A379F9029}.Debug|Any CPU.ActiveCfg = Debug|Any CPU
		{61AA90F5-241B-49E1-A98B-AA4A379F9029}.Debug|Any CPU.Build.0 = Debug|Any CPU
		{61AA90F5-241B-49E1-A98B-AA4A379F9029}.Release|Any CPU.ActiveCfg = Release|Any CPU
		{61AA90F5-241B-49E1-A98B-AA4A379F9029}.Release|Any CPU.Build.0 = Release|Any CPU
		{6DA7608E-A89B-46E2-B6CF-197762922B25}.Debug|Any CPU.ActiveCfg = Debug|Any CPU
		{6DA7608E-A89B-46E2-B6CF-197762922B25}.Debug|Any CPU.Build.0 = Debug|Any CPU
		{6DA7608E-A89B-46E2-B6CF-197762922B25}.Release|Any CPU.ActiveCfg = Release|Any CPU
		{6DA7608E-A89B-46E2-B6CF-197762922B25}.Release|Any CPU.Build.0 = Release|Any CPU
		{623115E6-FAD5-4B4F-B45C-46CA7C112F71}.Debug|Any CPU.ActiveCfg = Debug|Any CPU
		{623115E6-FAD5-4B4F-B45C-46CA7C112F71}.Debug|Any CPU.Build.0 = Debug|Any CPU
		{623115E6-FAD5-4B4F-B45C-46CA7C112F71}.Release|Any CPU.ActiveCfg = Release|Any CPU
		{623115E6-FAD5-4B4F-B45C-46CA7C112F71}.Release|Any CPU.Build.0 = Release|Any CPU
		{125D1921-EDFB-42FA-8726-90C1D882DDFD}.Debug|Any CPU.ActiveCfg = Debug|Any CPU
		{125D1921-EDFB-42FA-8726-90C1D882DDFD}.Debug|Any CPU.Build.0 = Debug|Any CPU
		{125D1921-EDFB-42FA-8726-90C1D882DDFD}.Release|Any CPU.ActiveCfg = Release|Any CPU
		{125D1921-EDFB-42FA-8726-90C1D882DDFD}.Release|Any CPU.Build.0 = Release|Any CPU
		{6FD81C52-82E6-4053-8304-FC874A4D3835}.Debug|Any CPU.ActiveCfg = Debug|Any CPU
		{6FD81C52-82E6-4053-8304-FC874A4D3835}.Debug|Any CPU.Build.0 = Debug|Any CPU
		{6FD81C52-82E6-4053-8304-FC874A4D3835}.Release|Any CPU.ActiveCfg = Release|Any CPU
		{6FD81C52-82E6-4053-8304-FC874A4D3835}.Release|Any CPU.Build.0 = Release|Any CPU
		{F11C4EDC-25CD-4D1A-8EB5-4771B627621F}.Debug|Any CPU.ActiveCfg = Debug|Any CPU
		{F11C4EDC-25CD-4D1A-8EB5-4771B627621F}.Debug|Any CPU.Build.0 = Debug|Any CPU
		{F11C4EDC-25CD-4D1A-8EB5-4771B627621F}.Release|Any CPU.ActiveCfg = Release|Any CPU
		{F11C4EDC-25CD-4D1A-8EB5-4771B627621F}.Release|Any CPU.Build.0 = Release|Any CPU
		{101DC30D-CC4D-4EE8-B05A-B0213D4EAEF7}.Debug|Any CPU.ActiveCfg = Debug|Any CPU
		{101DC30D-CC4D-4EE8-B05A-B0213D4EAEF7}.Debug|Any CPU.Build.0 = Debug|Any CPU
		{101DC30D-CC4D-4EE8-B05A-B0213D4EAEF7}.Release|Any CPU.ActiveCfg = Release|Any CPU
		{101DC30D-CC4D-4EE8-B05A-B0213D4EAEF7}.Release|Any CPU.Build.0 = Release|Any CPU
		{98FFE54C-D0EF-4233-ABA1-A227516EC805}.Debug|Any CPU.ActiveCfg = Debug|Any CPU
		{98FFE54C-D0EF-4233-ABA1-A227516EC805}.Debug|Any CPU.Build.0 = Debug|Any CPU
		{98FFE54C-D0EF-4233-ABA1-A227516EC805}.Release|Any CPU.ActiveCfg = Release|Any CPU
		{98FFE54C-D0EF-4233-ABA1-A227516EC805}.Release|Any CPU.Build.0 = Release|Any CPU
		{2862433A-F0F4-4049-9E92-AAB61194D2EE}.Debug|Any CPU.ActiveCfg = Debug|Any CPU
		{2862433A-F0F4-4049-9E92-AAB61194D2EE}.Debug|Any CPU.Build.0 = Debug|Any CPU
		{2862433A-F0F4-4049-9E92-AAB61194D2EE}.Release|Any CPU.ActiveCfg = Release|Any CPU
		{2862433A-F0F4-4049-9E92-AAB61194D2EE}.Release|Any CPU.Build.0 = Release|Any CPU
		{B212E8E9-56A9-444D-9A6C-B6D2361E2631}.Debug|Any CPU.ActiveCfg = Debug|Any CPU
		{B212E8E9-56A9-444D-9A6C-B6D2361E2631}.Debug|Any CPU.Build.0 = Debug|Any CPU
		{B212E8E9-56A9-444D-9A6C-B6D2361E2631}.Release|Any CPU.ActiveCfg = Release|Any CPU
		{B212E8E9-56A9-444D-9A6C-B6D2361E2631}.Release|Any CPU.Build.0 = Release|Any CPU
		{2A7EC4BE-2A00-47A6-A548-2B2804A48104}.Debug|Any CPU.ActiveCfg = Debug|Any CPU
		{2A7EC4BE-2A00-47A6-A548-2B2804A48104}.Debug|Any CPU.Build.0 = Debug|Any CPU
		{2A7EC4BE-2A00-47A6-A548-2B2804A48104}.Release|Any CPU.ActiveCfg = Release|Any CPU
		{2A7EC4BE-2A00-47A6-A548-2B2804A48104}.Release|Any CPU.Build.0 = Release|Any CPU
		{B00BB5EE-E903-4D79-BBE3-F66AFF2FE77E}.Debug|Any CPU.ActiveCfg = Debug|Any CPU
		{B00BB5EE-E903-4D79-BBE3-F66AFF2FE77E}.Debug|Any CPU.Build.0 = Debug|Any CPU
		{B00BB5EE-E903-4D79-BBE3-F66AFF2FE77E}.Release|Any CPU.ActiveCfg = Release|Any CPU
		{B00BB5EE-E903-4D79-BBE3-F66AFF2FE77E}.Release|Any CPU.Build.0 = Release|Any CPU
		{F79A0F5E-E6DC-4027-A2BB-F18FA4599806}.Debug|Any CPU.ActiveCfg = Debug|Any CPU
		{F79A0F5E-E6DC-4027-A2BB-F18FA4599806}.Debug|Any CPU.Build.0 = Debug|Any CPU
		{F79A0F5E-E6DC-4027-A2BB-F18FA4599806}.Release|Any CPU.ActiveCfg = Release|Any CPU
		{F79A0F5E-E6DC-4027-A2BB-F18FA4599806}.Release|Any CPU.Build.0 = Release|Any CPU
		{A6EB576B-0C20-4625-934E-68A502B84BBA}.Debug|Any CPU.ActiveCfg = Debug|Any CPU
		{A6EB576B-0C20-4625-934E-68A502B84BBA}.Debug|Any CPU.Build.0 = Debug|Any CPU
		{A6EB576B-0C20-4625-934E-68A502B84BBA}.Release|Any CPU.ActiveCfg = Release|Any CPU
		{A6EB576B-0C20-4625-934E-68A502B84BBA}.Release|Any CPU.Build.0 = Release|Any CPU
		{79AEFEFF-B885-450D-B4A7-A8CBD8DB4E44}.Debug|Any CPU.ActiveCfg = Debug|Any CPU
		{79AEFEFF-B885-450D-B4A7-A8CBD8DB4E44}.Debug|Any CPU.Build.0 = Debug|Any CPU
		{79AEFEFF-B885-450D-B4A7-A8CBD8DB4E44}.Release|Any CPU.ActiveCfg = Release|Any CPU
		{79AEFEFF-B885-450D-B4A7-A8CBD8DB4E44}.Release|Any CPU.Build.0 = Release|Any CPU
		{D3384F21-6C49-4EC0-95E4-916E26772F60}.Debug|Any CPU.ActiveCfg = Debug|Any CPU
		{D3384F21-6C49-4EC0-95E4-916E26772F60}.Debug|Any CPU.Build.0 = Debug|Any CPU
		{D3384F21-6C49-4EC0-95E4-916E26772F60}.Release|Any CPU.ActiveCfg = Release|Any CPU
		{D3384F21-6C49-4EC0-95E4-916E26772F60}.Release|Any CPU.Build.0 = Release|Any CPU
		{59D68395-E126-4223-86DB-5AAE90A518D3}.Debug|Any CPU.ActiveCfg = Debug|Any CPU
		{59D68395-E126-4223-86DB-5AAE90A518D3}.Debug|Any CPU.Build.0 = Debug|Any CPU
		{59D68395-E126-4223-86DB-5AAE90A518D3}.Release|Any CPU.ActiveCfg = Release|Any CPU
		{59D68395-E126-4223-86DB-5AAE90A518D3}.Release|Any CPU.Build.0 = Release|Any CPU
		{BAF51868-2C4F-4741-8867-A5858406D69E}.Debug|Any CPU.ActiveCfg = Debug|Any CPU
		{BAF51868-2C4F-4741-8867-A5858406D69E}.Debug|Any CPU.Build.0 = Debug|Any CPU
		{BAF51868-2C4F-4741-8867-A5858406D69E}.Release|Any CPU.ActiveCfg = Release|Any CPU
		{BAF51868-2C4F-4741-8867-A5858406D69E}.Release|Any CPU.Build.0 = Release|Any CPU
		{14DCFF0C-2A47-453F-BE54-02F7C624BE13}.Debug|Any CPU.ActiveCfg = Debug|Any CPU
		{14DCFF0C-2A47-453F-BE54-02F7C624BE13}.Debug|Any CPU.Build.0 = Debug|Any CPU
		{14DCFF0C-2A47-453F-BE54-02F7C624BE13}.Release|Any CPU.ActiveCfg = Release|Any CPU
		{14DCFF0C-2A47-453F-BE54-02F7C624BE13}.Release|Any CPU.Build.0 = Release|Any CPU
		{AC4B1745-6839-4775-82D9-E0549EA21A34}.Debug|Any CPU.ActiveCfg = Debug|Any CPU
		{AC4B1745-6839-4775-82D9-E0549EA21A34}.Debug|Any CPU.Build.0 = Debug|Any CPU
		{AC4B1745-6839-4775-82D9-E0549EA21A34}.Release|Any CPU.ActiveCfg = Release|Any CPU
		{AC4B1745-6839-4775-82D9-E0549EA21A34}.Release|Any CPU.Build.0 = Release|Any CPU
		{44EEB90D-1612-413F-9471-018F9313549F}.Debug|Any CPU.ActiveCfg = Debug|Any CPU
		{44EEB90D-1612-413F-9471-018F9313549F}.Debug|Any CPU.Build.0 = Debug|Any CPU
		{44EEB90D-1612-413F-9471-018F9313549F}.Release|Any CPU.ActiveCfg = Release|Any CPU
		{44EEB90D-1612-413F-9471-018F9313549F}.Release|Any CPU.Build.0 = Release|Any CPU
		{F4A07A5C-30E8-4A8E-82AD-F68878012C04}.Debug|Any CPU.ActiveCfg = Debug|Any CPU
		{F4A07A5C-30E8-4A8E-82AD-F68878012C04}.Debug|Any CPU.Build.0 = Debug|Any CPU
		{F4A07A5C-30E8-4A8E-82AD-F68878012C04}.Release|Any CPU.ActiveCfg = Release|Any CPU
		{F4A07A5C-30E8-4A8E-82AD-F68878012C04}.Release|Any CPU.Build.0 = Release|Any CPU
		{80145B52-6A15-4366-BE09-F66DED3982B7}.Debug|Any CPU.ActiveCfg = Debug|Any CPU
		{80145B52-6A15-4366-BE09-F66DED3982B7}.Debug|Any CPU.Build.0 = Debug|Any CPU
		{80145B52-6A15-4366-BE09-F66DED3982B7}.Release|Any CPU.ActiveCfg = Release|Any CPU
		{80145B52-6A15-4366-BE09-F66DED3982B7}.Release|Any CPU.Build.0 = Release|Any CPU
	EndGlobalSection
	GlobalSection(SolutionProperties) = preSolution
		HideSolutionNode = FALSE
	EndGlobalSection
	GlobalSection(ExtensibilityGlobals) = postSolution
		SolutionGuid = {89D4A8E4-B57A-40C8-A76D-9941F9F08CDB}
	EndGlobalSection
EndGlobal
